// !$*UTF8*$!
{
	archiveVersion = 1;
	classes = {
	};
	objectVersion = 77;
	objects = {

/* Begin PBXBuildFile section */
		00FC7C4C3CBC23D9402BB51E /* SignInView.swift in Sources */ = {isa = PBXBuildFile; fileRef = 4ED4791D530CE2D2568D7468 /* SignInView.swift */; };
		018442B41BB0C286AEFF63F7 /* RatingPromptView.swift in Sources */ = {isa = PBXBuildFile; fileRef = 5300D70DC882C5860FC84799 /* RatingPromptView.swift */; };
		09DD9E131A6944AA0F26ACD2 /* Template10UIShowcase.swift in Sources */ = {isa = PBXBuildFile; fileRef = 3C0577D3654C959EB4356F36 /* Template10UIShowcase.swift */; };
		0B397F99A49DE448041A3059 /* Theme.swift in Sources */ = {isa = PBXBuildFile; fileRef = 560B154E8EDA5117C9831677 /* Theme.swift */; };
		0D01A1CCE78118A967E89CF6 /* RootView.swift in Sources */ = {isa = PBXBuildFile; fileRef = DFC50F55568383ED3BFC7FDE /* RootView.swift */; };
		0D2909328F049D2CD53A99CF /* CachedSubscriptionRepository.swift in Sources */ = {isa = PBXBuildFile; fileRef = 7C2965715E21F71761E2150A /* CachedSubscriptionRepository.swift */; };
		0F5F6329C1B62C89C5D499B7 /* SettingsView.swift in Sources */ = {isa = PBXBuildFile; fileRef = F2B8E9594346A9D7E7B6DAA9 /* SettingsView.swift */; };
		134242B82E95E72497A1BB4D /* Template07FeatureCarousel.swift in Sources */ = {isa = PBXBuildFile; fileRef = 35AA930D98136445AC70AE77 /* Template07FeatureCarousel.swift */; };
		1569D8490E073169386FB731 /* AppLockGate.swift in Sources */ = {isa = PBXBuildFile; fileRef = CC5AE7913B8E4C524169B288 /* AppLockGate.swift */; };
		16222500D6B5BEC83BF1BDAB /* FontRegistry.swift in Sources */ = {isa = PBXBuildFile; fileRef = 1520E42B9E6B5407E987BC8D /* FontRegistry.swift */; };
		164066B671904B7DBFDE39D9 /* ReminderScheduler.swift in Sources */ = {isa = PBXBuildFile; fileRef = 5112228A009A1FDA2DE9A5E9 /* ReminderScheduler.swift */; };
		19F5CD93F504418900AD78EE /* DesignTokens.swift in Sources */ = {isa = PBXBuildFile; fileRef = 26A2EEE9EBA445478DC87E9D /* DesignTokens.swift */; };
		1AD13B2BBD42A4C63F5869FC /* RevenueCatPurchasesService.swift in Sources */ = {isa = PBXBuildFile; fileRef = 6C031F59993CA5AEB890B024 /* RevenueCatPurchasesService.swift */; };
		1C3C03462CC2AA42D7E978E7 /* LanguagePickerView.swift in Sources */ = {isa = PBXBuildFile; fileRef = C307FBDBDB0F0BF4E9FEB4BA /* LanguagePickerView.swift */; };
		1D81821100CE2C0765694800 /* OnboardingStyle.swift in Sources */ = {isa = PBXBuildFile; fileRef = C8F8F2D1E9C13E1FBA571CE9 /* OnboardingStyle.swift */; };
		200A79C90CF4BCB43CCC6474 /* TimerActivityAttributes.swift in Sources */ = {isa = PBXBuildFile; fileRef = B18A755F84224F0FBCC98395 /* TimerActivityAttributes.swift */; };
		2052CA963F9DE58791DC99A7 /* TheSwiftKitWidgets.swift in Sources */ = {isa = PBXBuildFile; fileRef = 3E04A63022B6069C4E35D739 /* TheSwiftKitWidgets.swift */; };
		24F725F4232FE09504322DC6 /* AppRouter.swift in Sources */ = {isa = PBXBuildFile; fileRef = 9A4FDE4029FC01E08FEE615C /* AppRouter.swift */; };
		268817AE9EE9FBC8C732F6B0 /* DetailView.swift in Sources */ = {isa = PBXBuildFile; fileRef = BE5E2F676EF50D674E5773BB /* DetailView.swift */; };
		274D7E7978C2872191B2D534 /* RemindersDemoView.swift in Sources */ = {isa = PBXBuildFile; fileRef = 19EB97E97570F7BD47A2336C /* RemindersDemoView.swift */; };
		30CE93339AC39031DBCE9F8B /* CachedProfileRepository.swift in Sources */ = {isa = PBXBuildFile; fileRef = AE6D852D3681C68D899757AE /* CachedProfileRepository.swift */; };
		34079D98C76D3F8F795FE8A3 /* DesignSystem.swift in Sources */ = {isa = PBXBuildFile; fileRef = C0FE111E68BC41BB8C977ACE /* DesignSystem.swift */; };
		35FA66879A8A3613B0867E9B /* SupabaseAuthRepository.swift in Sources */ = {isa = PBXBuildFile; fileRef = BF01F084424273EBC0CC5CB8 /* SupabaseAuthRepository.swift */; };
		3895388EA62A88C9AAA83C6B /* AIChatStore.swift in Sources */ = {isa = PBXBuildFile; fileRef = C31ECE11834FD5A25A20B1CF /* AIChatStore.swift */; };
		3911E4AACE3AEE982F25BA1F /* Glass.swift in Sources */ = {isa = PBXBuildFile; fileRef = 6E6A1B7F6E3BB4440E4F973C /* Glass.swift */; };
		39D77E581A170A59419FE9F7 /* PaywallView.swift in Sources */ = {isa = PBXBuildFile; fileRef = 5D1F60834E7A7FDEC0683A9E /* PaywallView.swift */; };
		3A5A73CA7411BB3932B97417 /* RatingService.swift in Sources */ = {isa = PBXBuildFile; fileRef = D5A51C209C36AAFFA564AAC6 /* RatingService.swift */; };
		3A9F2BE2876FD3B86C5F8491 /* ProfileSetupView.swift in Sources */ = {isa = PBXBuildFile; fileRef = D4B44FAECC29A99C9F00457B /* ProfileSetupView.swift */; };
		3B643EAF4FE917ABE14F7715 /* CarouselOnboardingView.swift in Sources */ = {isa = PBXBuildFile; fileRef = 9467804D440E974ACF740AEF /* CarouselOnboardingView.swift */; };
		3CC4F463C3F4DEB3E38A3421 /* StoredItem.swift in Sources */ = {isa = PBXBuildFile; fileRef = 0692B14EEF24E4A8755BD2FD /* StoredItem.swift */; };
		3E66E9A5EBB3E53F5E219133 /* AuthCoordinator.swift in Sources */ = {isa = PBXBuildFile; fileRef = 85292FFF3C7BA8B337784373 /* AuthCoordinator.swift */; };
		48345CEE38ECC440E1E192AA /* QuestionnaireModels.swift in Sources */ = {isa = PBXBuildFile; fileRef = 250FED8EBA40C168259DAF6A /* QuestionnaireModels.swift */; };
		48BF88B051FDD1F851C6C58C /* AppleSignInService.swift in Sources */ = {isa = PBXBuildFile; fileRef = DB8E8EF816F813AED4BE77C0 /* AppleSignInService.swift */; };
		4D194885D6525C729B1CC5BB /* Secrets.swift in Sources */ = {isa = PBXBuildFile; fileRef = 3A9451442E772AC518E042C8 /* Secrets.swift */; };
		4D1BF9B4758FFE5BD2EF1302 /* OnboardingCoordinator.swift in Sources */ = {isa = PBXBuildFile; fileRef = 814E9B34F2D48938838BB00F /* OnboardingCoordinator.swift */; };
		4E3C0D6163D7674E7C1C8457 /* CaptureDemoView.swift in Sources */ = {isa = PBXBuildFile; fileRef = 4B2B12D5FC12BD03DE283037 /* CaptureDemoView.swift */; };
		50B54D3ABC347A56E4A8F64A /* SubscriptionRepository.swift in Sources */ = {isa = PBXBuildFile; fileRef = 7DF2F3E10DA3A5FE7BD3CE8A /* SubscriptionRepository.swift */; };
		517F522882B62EC3D87D6B83 /* RevenueCat in Frameworks */ = {isa = PBXBuildFile; productRef = 1B6F5BF27F0B1B360707E0FF /* RevenueCat */; };
		51FEED2A533AC2B85FAEEB69 /* Template04TrialTimeline.swift in Sources */ = {isa = PBXBuildFile; fileRef = B26A29401D80FE9980B17173 /* Template04TrialTimeline.swift */; };
		527FEADFB8974871FCA4D029 /* AnalyticsService.swift in Sources */ = {isa = PBXBuildFile; fileRef = 2B6697EBD2D0682AF5AB3588 /* AnalyticsService.swift */; };
		534B68EDA2C699A3F7BAE228 /* README.md in Resources */ = {isa = PBXBuildFile; fileRef = D403399B15B1CEDA7B00D993 /* README.md */; };
		54726C4CC488449D291571CF /* TelemetryClient in Frameworks */ = {isa = PBXBuildFile; productRef = D492D8878C69F39A68B48AD7 /* TelemetryClient */; };
		5903D28BE249269798861BF2 /* AIApiClient.swift in Sources */ = {isa = PBXBuildFile; fileRef = 7EA65D1318E5FDCA77615EE6 /* AIApiClient.swift */; };
		5CBD14687BC3EC4E57B68D10 /* ContainerTests.swift in Sources */ = {isa = PBXBuildFile; fileRef = 91DDF703AF9B5237D40B926D /* ContainerTests.swift */; };
		5D8979726D00190B6A895678 /* CacheConfig.swift in Sources */ = {isa = PBXBuildFile; fileRef = F90C75ED2F426AF32EE0D37D /* CacheConfig.swift */; };
		5E5FE9D1D4A9E318108318C7 /* Logger.swift in Sources */ = {isa = PBXBuildFile; fileRef = D8FF8C9561B3C3E105793E3F /* Logger.swift */; };
		6360FD06AF53EE3EC915E703 /* CacheInvalidationObserver.swift in Sources */ = {isa = PBXBuildFile; fileRef = 24123EEFFABCD810C6619B71 /* CacheInvalidationObserver.swift */; };
		65DF42D373C83FCA22208C69 /* CacheProtocol.swift in Sources */ = {isa = PBXBuildFile; fileRef = 1647C270E4A01B94EA9C58ED /* CacheProtocol.swift */; };
		6746BBC3D57CAA6DFA9E0E36 /* FeatureFlags.swift in Sources */ = {isa = PBXBuildFile; fileRef = 0A0F0159F81E05383CBA1B92 /* FeatureFlags.swift */; };
		692264EDD20CD02261A3B74C /* SwiftDataDemoView.swift in Sources */ = {isa = PBXBuildFile; fileRef = 1054D257A1B9F7A1466A4870 /* SwiftDataDemoView.swift */; };
		695399647ED61ABA6E2AFD8A /* AIViews.swift in Sources */ = {isa = PBXBuildFile; fileRef = 3F455B02741F1717331089CE /* AIViews.swift */; };
		69692D63153177EAC279C243 /* LaunchScreen.storyboard in Resources */ = {isa = PBXBuildFile; fileRef = FA8AA41BCD16D1EEC5CFE572 /* LaunchScreen.storyboard */; };
		6AC9B25484976D52D2553B8C /* Template03SocialProof.swift in Sources */ = {isa = PBXBuildFile; fileRef = 0E8A8910FA23808C9A55F0CD /* Template03SocialProof.swift */; };
		6DD9AB4A0B6FA32A362A7EA6 /* DocumentScannerView.swift in Sources */ = {isa = PBXBuildFile; fileRef = 17631812FE690D29230CFBE4 /* DocumentScannerView.swift */; };
		72E8DE2A72A87767C2F58361 /* SupabaseSubscriptionRepository.swift in Sources */ = {isa = PBXBuildFile; fileRef = A3D01DD07D0C87D60576C89A /* SupabaseSubscriptionRepository.swift */; };
		761B5F9CFF6BB59C6E48D7E4 /* MinimalOnboardingView.swift in Sources */ = {isa = PBXBuildFile; fileRef = 8144A9D565F13DAE05CF9773 /* MinimalOnboardingView.swift */; };
		77117DAA8B6C5D5565053E66 /* TheSwiftKitWidgets.appex in Embed Foundation Extensions */ = {isa = PBXBuildFile; fileRef = 785556D16F42F042BB829F84 /* TheSwiftKitWidgets.appex */; settings = {ATTRIBUTES = (RemoveHeadersOnCopy, ); }; };
		77C4C9E63F034A971604339C /* LogoView.swift in Sources */ = {isa = PBXBuildFile; fileRef = EDDE78A08F41C5B5DF683906 /* LogoView.swift */; };
		7804D8FBB7DF1C1667541567 /* PurchaseFriendlyError.swift in Sources */ = {isa = PBXBuildFile; fileRef = 4977DB3BDDFE3CA01B3AA4AA /* PurchaseFriendlyError.swift */; };
		78AC7C12CC3C70519749DE90 /* Localizable.strings in Resources */ = {isa = PBXBuildFile; fileRef = 0E9E74F97B0C4A871E8FF909 /* Localizable.strings */; };
		7BC7EAC62BF68111A3071349 /* Localization.swift in Sources */ = {isa = PBXBuildFile; fileRef = 32BA19F326DB0D14E640C70B /* Localization.swift */; };
		7CF48E0DFF472EE7A47CC147 /* FeedbackService.swift in Sources */ = {isa = PBXBuildFile; fileRef = 61D6FC4EDCB848A2CDEE4517 /* FeedbackService.swift */; };
		7FA4FAEA22D5128F8177F77B /* AIProStreamClient.swift in Sources */ = {isa = PBXBuildFile; fileRef = FAEABA30FF4B83166580D299 /* AIProStreamClient.swift */; };
		803B487C98E7E149BAE2D445 /* PaywallComponents.swift in Sources */ = {isa = PBXBuildFile; fileRef = 053F13975884933947979EA1 /* PaywallComponents.swift */; };
		8294CEEEBD6C416E99C58FF7 /* HomeView.swift in Sources */ = {isa = PBXBuildFile; fileRef = D824F18B4621C75F85B1F9D6 /* HomeView.swift */; };
		82FE9936F9ACEBEF78A8081D /* Supabase in Frameworks */ = {isa = PBXBuildFile; productRef = 8EDC71F98C8FF18E3C959AEF /* Supabase */; };
		8497D5BE1C4C2FD291964739 /* PaywallGalleryView.swift in Sources */ = {isa = PBXBuildFile; fileRef = 6CDD07878848FBEE733F9865 /* PaywallGalleryView.swift */; };
		8557F8D6791E64DCC208375D /* WidgetsDemoView.swift in Sources */ = {isa = PBXBuildFile; fileRef = D10B7B943558FC3D416723FA /* WidgetsDemoView.swift */; };
		8AE55C919302C5ECDF7B576B /* Template08SmartTrialToggle.swift in Sources */ = {isa = PBXBuildFile; fileRef = C7D1761D40003A8DF3443667 /* Template08SmartTrialToggle.swift */; };
		8B9FE3C8A6269C0AD88EFE6B /* HighlightsOnboardingView.swift in Sources */ = {isa = PBXBuildFile; fileRef = F4D7CF18D8E21A9C667514D5 /* HighlightsOnboardingView.swift */; };
		8BD30370A304E5C1D8D307DB /* AccountDeletionService.swift in Sources */ = {isa = PBXBuildFile; fileRef = 5D98EFA35E96BEA803829C3E /* AccountDeletionService.swift */; };
		8D99997F8EF1E4A4D1FC1FAA /* GamificationDemoView.swift in Sources */ = {isa = PBXBuildFile; fileRef = 67939A9B7E438C7F099029EA /* GamificationDemoView.swift */; };
		92D4DB8416B3DD3274FB7614 /* AuthRepository.swift in Sources */ = {isa = PBXBuildFile; fileRef = 91A3650A872E39E107D2DF6E /* AuthRepository.swift */; };
		9396BE1562C44A035C1525E5 /* AppLockManager.swift in Sources */ = {isa = PBXBuildFile; fileRef = 86578F54B407BC6C8D242E7B /* AppLockManager.swift */; };
		960B062E551C573ACB452D99 /* CoreDataStack.swift in Sources */ = {isa = PBXBuildFile; fileRef = EE0040DADE82820AAC24B253 /* CoreDataStack.swift */; };
		976D14DE599026D83D868A1B /* LocalCoreDataRepository.swift in Sources */ = {isa = PBXBuildFile; fileRef = 98B5D5209FA7A198CC89FB3F /* LocalCoreDataRepository.swift */; };
		97C8EEDF609D2473748C071B /* TestDriveView.swift in Sources */ = {isa = PBXBuildFile; fileRef = 618196BF568C30BEA8431BA0 /* TestDriveView.swift */; };
		981462DCA1D252485DA4C0B1 /* Template06AllPlans.swift in Sources */ = {isa = PBXBuildFile; fileRef = 1B712AB3D5BE97CAB4433FB5 /* Template06AllPlans.swift */; };
		985580FBF67732FCBFADF451 /* PaywallTemplateModels.swift in Sources */ = {isa = PBXBuildFile; fileRef = 7F70B08E9D9ECDF92829D41C /* PaywallTemplateModels.swift */; };
		98D2E4E796D9FBF60B82FB32 /* CacheManager.swift in Sources */ = {isa = PBXBuildFile; fileRef = 237B18F65564147DB8105DEC /* CacheManager.swift */; };
		9CD4D4B12793A4C1BF198402 /* PaywallTemplateHost.swift in Sources */ = {isa = PBXBuildFile; fileRef = 69775659A87738A9D8256F57 /* PaywallTemplateHost.swift */; };
		9D70E0F7EDE347BE2E47472D /* AppConfig.swift in Sources */ = {isa = PBXBuildFile; fileRef = 6023B9DE41BA5525D7B2B147 /* AppConfig.swift */; };
		9DC2938E2AA26F1EB8E561CA /* LiveActivityController.swift in Sources */ = {isa = PBXBuildFile; fileRef = 05725D7146C1F3E0BB18EBC6 /* LiveActivityController.swift */; };
		9EAF63F22913E29A44A4186D /* AppEvents.swift in Sources */ = {isa = PBXBuildFile; fileRef = 45936225A9EAE20AD762B4B0 /* AppEvents.swift */; };
		A006E16F92F65559BD1EF60F /* HomeViewModel.swift in Sources */ = {isa = PBXBuildFile; fileRef = BBA2623150A170851A694C15 /* HomeViewModel.swift */; };
		A178C3D550DA5DA9D00D730F /* TimerActivityAttributes.swift in Sources */ = {isa = PBXBuildFile; fileRef = B18A755F84224F0FBCC98395 /* TimerActivityAttributes.swift */; };
		A3F6718C2FD1387A3B31405B /* PurchasesService.swift in Sources */ = {isa = PBXBuildFile; fileRef = CD033A7C9251D1482CE6DA37 /* PurchasesService.swift */; };
		A648DABA13C1E8872F8A7784 /* LocalDataDemoView.swift in Sources */ = {isa = PBXBuildFile; fileRef = 6035B49F217B915AADAE84BB /* LocalDataDemoView.swift */; };
		AA91953F5CD350F2738EE5DD /* Template09Minimalist.swift in Sources */ = {isa = PBXBuildFile; fileRef = F15AB418EA295A3DCEDF8B53 /* Template09Minimalist.swift */; };
		AC906A10D2CFAD476B2A60AF /* NotificationService.swift in Sources */ = {isa = PBXBuildFile; fileRef = 39C52358FAD95254777DC406 /* NotificationService.swift */; };
		AD0496E174E0B7286885051D /* NotificationsDebugView.swift in Sources */ = {isa = PBXBuildFile; fileRef = CD0A212117D67397FEAA5A1C /* NotificationsDebugView.swift */; };
		AE5BABBA7F5ED195826BF787 /* QuestionnaireOnboardingView.swift in Sources */ = {isa = PBXBuildFile; fileRef = AE1364D2F7631A50AC8EBC1F /* QuestionnaireOnboardingView.swift */; };
		B3C7765DBCCF3EBB478F7AAB /* SettingsViewModel.swift in Sources */ = {isa = PBXBuildFile; fileRef = DEF903876C936506FECE646E /* SettingsViewModel.swift */; };
		B8338F5D35A2BE82474CC1EE /* ProfileRepository.swift in Sources */ = {isa = PBXBuildFile; fileRef = EED20E2F5BF377EC827FFFEA /* ProfileRepository.swift */; };
		BAE1AAC7C05DFD06F2D0483F /* 002_user_subscriptions_enhancements.sql in Resources */ = {isa = PBXBuildFile; fileRef = 9999B1C053F24E27BFA3BBAE /* 002_user_subscriptions_enhancements.sql */; };
		BDA3C50A1FFF5DF0A6D7ACC7 /* Template02ValueStack.swift in Sources */ = {isa = PBXBuildFile; fileRef = 1B9F39E63E2DE30125AAFF36 /* Template02ValueStack.swift */; };
		BE32DB57DB91BF5B62EEA824 /* Assets.xcassets in Resources */ = {isa = PBXBuildFile; fileRef = E4D6ABEF6B5C272FBE4C469F /* Assets.xcassets */; };
		C11EE3D665B0FCF819CE1AF7 /* setup.sql in Resources */ = {isa = PBXBuildFile; fileRef = 0FFB0781368AC8C38E960C77 /* setup.sql */; };
		C23404B2C5E97849BF99C7AE /* DSComponents.swift in Sources */ = {isa = PBXBuildFile; fileRef = 893511591E50257F13B61C30 /* DSComponents.swift */; };
		C55B9381F98A54009A49B357 /* user_subscriptions_webhook.ts in Resources */ = {isa = PBXBuildFile; fileRef = 49637C80DC2D7BC32EBB28AE /* user_subscriptions_webhook.ts */; };
		D0D13477E3A4084C9D3A5A0A /* AIProChatView.swift in Sources */ = {isa = PBXBuildFile; fileRef = A707A1EE86EA744818EE068A /* AIProChatView.swift */; };
		D5CD2C873FCFE92767194D9D /* UserRepository.swift in Sources */ = {isa = PBXBuildFile; fileRef = 7701116BE4D431BE51F3CC9B /* UserRepository.swift */; };
		D62DE885D288B56707EAC2A9 /* CreateAccountView.swift in Sources */ = {isa = PBXBuildFile; fileRef = 4B4BE04E13D4CD6E9A80541D /* CreateAccountView.swift */; };
		DA528BD99E55F60EF85E5339 /* Typography.swift in Sources */ = {isa = PBXBuildFile; fileRef = CED382AEB9D7A3D6C58E2041 /* Typography.swift */; };
		DD1E1EFCD5C4B08C368F66AE /* GamificationEngine.swift in Sources */ = {isa = PBXBuildFile; fileRef = AC8782B3E5E253B69D575308 /* GamificationEngine.swift */; };
		DD8BA04B98FB83EC18F4C263 /* OnboardingModels.swift in Sources */ = {isa = PBXBuildFile; fileRef = 9580CE7C9DF2368F91F116E8 /* OnboardingModels.swift */; };
		DF185506F620031F4C79BACB /* TextRecognizer.swift in Sources */ = {isa = PBXBuildFile; fileRef = 570C38B31A6FCDFE735FAC9F /* TextRecognizer.swift */; };
		DFD8CFDE8A682C9CF532CBAA /* DSColors.swift in Sources */ = {isa = PBXBuildFile; fileRef = A9675B06A0ACAC8C98A5D8AE /* DSColors.swift */; };
		E02694DF072C6C2E45953AE9 /* LocalizationManager.swift in Sources */ = {isa = PBXBuildFile; fileRef = A0640C5B10C5B9589ACB795A /* LocalizationManager.swift */; };
		E071538416B407785AE39626 /* AnimatedBackground.swift in Sources */ = {isa = PBXBuildFile; fileRef = FEBEA4930759F5E43A3B7419 /* AnimatedBackground.swift */; };
		E0CA914938EAB95419043396 /* FeedbackView.swift in Sources */ = {isa = PBXBuildFile; fileRef = 3D8D5D2A88ADA8CA87C8ACD2 /* FeedbackView.swift */; };
		E312873DB92C866D822613A4 /* GamificationViews.swift in Sources */ = {isa = PBXBuildFile; fileRef = CB3A0254D01D43680FD6FBDF /* GamificationViews.swift */; };
		E6A1255B2C3B07681C0DF13C /* LiveActivityController.swift in Sources */ = {isa = PBXBuildFile; fileRef = 05725D7146C1F3E0BB18EBC6 /* LiveActivityController.swift */; };
		E79F6FEA447079998F532C36 /* ChartsDemoView.swift in Sources */ = {isa = PBXBuildFile; fileRef = 13A0B252E38E6B5589A4EA97 /* ChartsDemoView.swift */; };
		F11D31C4479D065772CBCF52 /* ReviewManager.swift in Sources */ = {isa = PBXBuildFile; fileRef = BD97A53301B31EDAA461A857 /* ReviewManager.swift */; };
		F3D2341F4C80840A1151B88B /* 001_user_subscriptions.sql in Resources */ = {isa = PBXBuildFile; fileRef = 1818A0CB4AE32F3060E8AC92 /* 001_user_subscriptions.sql */; };
		F4AD48471A97E9C422D5C81C /* DIContainer.swift in Sources */ = {isa = PBXBuildFile; fileRef = 90B6F7B73CE653C9A2251EC5 /* DIContainer.swift */; };
		F4B68F3F27B75C08725A447C /* Template05NowOrNever.swift in Sources */ = {isa = PBXBuildFile; fileRef = 84B12189E929904AAF76D5B8 /* Template05NowOrNever.swift */; };
		FA1ACD383101E3CF01CAECCA /* Template01AnchorDecoy.swift in Sources */ = {isa = PBXBuildFile; fileRef = 5F08FB4D05599BE7BBC54E24 /* Template01AnchorDecoy.swift */; };
		FB548C4F312BD23A0A03ADB2 /* SupabaseProfileRepository.swift in Sources */ = {isa = PBXBuildFile; fileRef = B55CEEAC8B0BAFFBC12C85A3 /* SupabaseProfileRepository.swift */; };
		FD77729B7FC4B6144FFA2619 /* TheSwiftKitApp.swift in Sources */ = {isa = PBXBuildFile; fileRef = EDF42203D567066C34EC47F1 /* TheSwiftKitApp.swift */; };
/* End PBXBuildFile section */

/* Begin PBXContainerItemProxy section */
		5A4A8BE5E42D0E356DF9ED48 /* PBXContainerItemProxy */ = {
			isa = PBXContainerItemProxy;
			containerPortal = D710B0E614A257F27F9F650F /* Project object */;
			proxyType = 1;
			remoteGlobalIDString = 9BA01C3D691AFEA1D5176AE7;
			remoteInfo = TheSwiftKit;
		};
		70206BD7C1A6BF75008BBEDF /* PBXContainerItemProxy */ = {
			isa = PBXContainerItemProxy;
			containerPortal = D710B0E614A257F27F9F650F /* Project object */;
			proxyType = 1;
			remoteGlobalIDString = 295417D127A212D417553723;
			remoteInfo = TheSwiftKitWidgets;
		};
/* End PBXContainerItemProxy section */

/* Begin PBXCopyFilesBuildPhase section */
		D2E935E7727DB55C8744BBE8 /* Embed Foundation Extensions */ = {
			isa = PBXCopyFilesBuildPhase;
			buildActionMask = 2147483647;
			dstPath = "";
			dstSubfolderSpec = 13;
			files = (
				77117DAA8B6C5D5565053E66 /* TheSwiftKitWidgets.appex in Embed Foundation Extensions */,
			);
			name = "Embed Foundation Extensions";
			runOnlyForDeploymentPostprocessing = 0;
		};
/* End PBXCopyFilesBuildPhase section */

/* Begin PBXFileReference section */
		053F13975884933947979EA1 /* PaywallComponents.swift */ = {isa = PBXFileReference; lastKnownFileType = sourcecode.swift; path = PaywallComponents.swift; sourceTree = "<group>"; };
		05725D7146C1F3E0BB18EBC6 /* LiveActivityController.swift */ = {isa = PBXFileReference; lastKnownFileType = sourcecode.swift; path = LiveActivityController.swift; sourceTree = "<group>"; };
		0692B14EEF24E4A8755BD2FD /* StoredItem.swift */ = {isa = PBXFileReference; lastKnownFileType = sourcecode.swift; path = StoredItem.swift; sourceTree = "<group>"; };
		0A0F0159F81E05383CBA1B92 /* FeatureFlags.swift */ = {isa = PBXFileReference; lastKnownFileType = sourcecode.swift; path = FeatureFlags.swift; sourceTree = "<group>"; };
		0E8A8910FA23808C9A55F0CD /* Template03SocialProof.swift */ = {isa = PBXFileReference; lastKnownFileType = sourcecode.swift; path = Template03SocialProof.swift; sourceTree = "<group>"; };
		0FFB0781368AC8C38E960C77 /* setup.sql */ = {isa = PBXFileReference; path = setup.sql; sourceTree = "<group>"; };
		1054D257A1B9F7A1466A4870 /* SwiftDataDemoView.swift */ = {isa = PBXFileReference; lastKnownFileType = sourcecode.swift; path = SwiftDataDemoView.swift; sourceTree = "<group>"; };
		13A0B252E38E6B5589A4EA97 /* ChartsDemoView.swift */ = {isa = PBXFileReference; lastKnownFileType = sourcecode.swift; path = ChartsDemoView.swift; sourceTree = "<group>"; };
		1520E42B9E6B5407E987BC8D /* FontRegistry.swift */ = {isa = PBXFileReference; lastKnownFileType = sourcecode.swift; path = FontRegistry.swift; sourceTree = "<group>"; };
		1647C270E4A01B94EA9C58ED /* CacheProtocol.swift */ = {isa = PBXFileReference; lastKnownFileType = sourcecode.swift; path = CacheProtocol.swift; sourceTree = "<group>"; };
		17631812FE690D29230CFBE4 /* DocumentScannerView.swift */ = {isa = PBXFileReference; lastKnownFileType = sourcecode.swift; path = DocumentScannerView.swift; sourceTree = "<group>"; };
		1818A0CB4AE32F3060E8AC92 /* 001_user_subscriptions.sql */ = {isa = PBXFileReference; path = 001_user_subscriptions.sql; sourceTree = "<group>"; };
		19EB97E97570F7BD47A2336C /* RemindersDemoView.swift */ = {isa = PBXFileReference; lastKnownFileType = sourcecode.swift; path = RemindersDemoView.swift; sourceTree = "<group>"; };
		1B712AB3D5BE97CAB4433FB5 /* Template06AllPlans.swift */ = {isa = PBXFileReference; lastKnownFileType = sourcecode.swift; path = Template06AllPlans.swift; sourceTree = "<group>"; };
		1B9F39E63E2DE30125AAFF36 /* Template02ValueStack.swift */ = {isa = PBXFileReference; lastKnownFileType = sourcecode.swift; path = Template02ValueStack.swift; sourceTree = "<group>"; };
		237B18F65564147DB8105DEC /* CacheManager.swift */ = {isa = PBXFileReference; lastKnownFileType = sourcecode.swift; path = CacheManager.swift; sourceTree = "<group>"; };
		24123EEFFABCD810C6619B71 /* CacheInvalidationObserver.swift */ = {isa = PBXFileReference; lastKnownFileType = sourcecode.swift; path = CacheInvalidationObserver.swift; sourceTree = "<group>"; };
		250FED8EBA40C168259DAF6A /* QuestionnaireModels.swift */ = {isa = PBXFileReference; lastKnownFileType = sourcecode.swift; path = QuestionnaireModels.swift; sourceTree = "<group>"; };
		26A2EEE9EBA445478DC87E9D /* DesignTokens.swift */ = {isa = PBXFileReference; lastKnownFileType = sourcecode.swift; path = DesignTokens.swift; sourceTree = "<group>"; };
		2B6697EBD2D0682AF5AB3588 /* AnalyticsService.swift */ = {isa = PBXFileReference; lastKnownFileType = sourcecode.swift; path = AnalyticsService.swift; sourceTree = "<group>"; };
		32BA19F326DB0D14E640C70B /* Localization.swift */ = {isa = PBXFileReference; lastKnownFileType = sourcecode.swift; path = Localization.swift; sourceTree = "<group>"; };
		35AA930D98136445AC70AE77 /* Template07FeatureCarousel.swift */ = {isa = PBXFileReference; lastKnownFileType = sourcecode.swift; path = Template07FeatureCarousel.swift; sourceTree = "<group>"; };
		39C52358FAD95254777DC406 /* NotificationService.swift */ = {isa = PBXFileReference; lastKnownFileType = sourcecode.swift; path = NotificationService.swift; sourceTree = "<group>"; };
		3A9451442E772AC518E042C8 /* Secrets.swift */ = {isa = PBXFileReference; lastKnownFileType = sourcecode.swift; path = Secrets.swift; sourceTree = "<group>"; };
		3C0577D3654C959EB4356F36 /* Template10UIShowcase.swift */ = {isa = PBXFileReference; lastKnownFileType = sourcecode.swift; path = Template10UIShowcase.swift; sourceTree = "<group>"; };
		3D8D5D2A88ADA8CA87C8ACD2 /* FeedbackView.swift */ = {isa = PBXFileReference; lastKnownFileType = sourcecode.swift; path = FeedbackView.swift; sourceTree = "<group>"; };
		3E04A63022B6069C4E35D739 /* TheSwiftKitWidgets.swift */ = {isa = PBXFileReference; lastKnownFileType = sourcecode.swift; path = TheSwiftKitWidgets.swift; sourceTree = "<group>"; };
		3F455B02741F1717331089CE /* AIViews.swift */ = {isa = PBXFileReference; lastKnownFileType = sourcecode.swift; path = AIViews.swift; sourceTree = "<group>"; };
		45936225A9EAE20AD762B4B0 /* AppEvents.swift */ = {isa = PBXFileReference; lastKnownFileType = sourcecode.swift; path = AppEvents.swift; sourceTree = "<group>"; };
		49637C80DC2D7BC32EBB28AE /* user_subscriptions_webhook.ts */ = {isa = PBXFileReference; path = user_subscriptions_webhook.ts; sourceTree = "<group>"; };
		4977DB3BDDFE3CA01B3AA4AA /* PurchaseFriendlyError.swift */ = {isa = PBXFileReference; lastKnownFileType = sourcecode.swift; path = PurchaseFriendlyError.swift; sourceTree = "<group>"; };
		4B2B12D5FC12BD03DE283037 /* CaptureDemoView.swift */ = {isa = PBXFileReference; lastKnownFileType = sourcecode.swift; path = CaptureDemoView.swift; sourceTree = "<group>"; };
		4B4BE04E13D4CD6E9A80541D /* CreateAccountView.swift */ = {isa = PBXFileReference; lastKnownFileType = sourcecode.swift; path = CreateAccountView.swift; sourceTree = "<group>"; };
		4ED4791D530CE2D2568D7468 /* SignInView.swift */ = {isa = PBXFileReference; lastKnownFileType = sourcecode.swift; path = SignInView.swift; sourceTree = "<group>"; };
		5112228A009A1FDA2DE9A5E9 /* ReminderScheduler.swift */ = {isa = PBXFileReference; lastKnownFileType = sourcecode.swift; path = ReminderScheduler.swift; sourceTree = "<group>"; };
		5300D70DC882C5860FC84799 /* RatingPromptView.swift */ = {isa = PBXFileReference; lastKnownFileType = sourcecode.swift; path = RatingPromptView.swift; sourceTree = "<group>"; };
		560B154E8EDA5117C9831677 /* Theme.swift */ = {isa = PBXFileReference; lastKnownFileType = sourcecode.swift; path = Theme.swift; sourceTree = "<group>"; };
		570C38B31A6FCDFE735FAC9F /* TextRecognizer.swift */ = {isa = PBXFileReference; lastKnownFileType = sourcecode.swift; path = TextRecognizer.swift; sourceTree = "<group>"; };
		5D1F60834E7A7FDEC0683A9E /* PaywallView.swift */ = {isa = PBXFileReference; lastKnownFileType = sourcecode.swift; path = PaywallView.swift; sourceTree = "<group>"; };
		5D98EFA35E96BEA803829C3E /* AccountDeletionService.swift */ = {isa = PBXFileReference; lastKnownFileType = sourcecode.swift; path = AccountDeletionService.swift; sourceTree = "<group>"; };
		5F08FB4D05599BE7BBC54E24 /* Template01AnchorDecoy.swift */ = {isa = PBXFileReference; lastKnownFileType = sourcecode.swift; path = Template01AnchorDecoy.swift; sourceTree = "<group>"; };
		6023B9DE41BA5525D7B2B147 /* AppConfig.swift */ = {isa = PBXFileReference; lastKnownFileType = sourcecode.swift; path = AppConfig.swift; sourceTree = "<group>"; };
		6035B49F217B915AADAE84BB /* LocalDataDemoView.swift */ = {isa = PBXFileReference; lastKnownFileType = sourcecode.swift; path = LocalDataDemoView.swift; sourceTree = "<group>"; };
		618196BF568C30BEA8431BA0 /* TestDriveView.swift */ = {isa = PBXFileReference; lastKnownFileType = sourcecode.swift; path = TestDriveView.swift; sourceTree = "<group>"; };
		61D6FC4EDCB848A2CDEE4517 /* FeedbackService.swift */ = {isa = PBXFileReference; lastKnownFileType = sourcecode.swift; path = FeedbackService.swift; sourceTree = "<group>"; };
		67939A9B7E438C7F099029EA /* GamificationDemoView.swift */ = {isa = PBXFileReference; lastKnownFileType = sourcecode.swift; path = GamificationDemoView.swift; sourceTree = "<group>"; };
		69775659A87738A9D8256F57 /* PaywallTemplateHost.swift */ = {isa = PBXFileReference; lastKnownFileType = sourcecode.swift; path = PaywallTemplateHost.swift; sourceTree = "<group>"; };
		6C031F59993CA5AEB890B024 /* RevenueCatPurchasesService.swift */ = {isa = PBXFileReference; lastKnownFileType = sourcecode.swift; path = RevenueCatPurchasesService.swift; sourceTree = "<group>"; };
		6CDD07878848FBEE733F9865 /* PaywallGalleryView.swift */ = {isa = PBXFileReference; lastKnownFileType = sourcecode.swift; path = PaywallGalleryView.swift; sourceTree = "<group>"; };
		6E6A1B7F6E3BB4440E4F973C /* Glass.swift */ = {isa = PBXFileReference; lastKnownFileType = sourcecode.swift; path = Glass.swift; sourceTree = "<group>"; };
		7701116BE4D431BE51F3CC9B /* UserRepository.swift */ = {isa = PBXFileReference; lastKnownFileType = sourcecode.swift; path = UserRepository.swift; sourceTree = "<group>"; };
		785556D16F42F042BB829F84 /* TheSwiftKitWidgets.appex */ = {isa = PBXFileReference; includeInIndex = 0; lastKnownFileType = "wrapper.app-extension"; path = TheSwiftKitWidgets.appex; sourceTree = BUILT_PRODUCTS_DIR; };
		7C2965715E21F71761E2150A /* CachedSubscriptionRepository.swift */ = {isa = PBXFileReference; lastKnownFileType = sourcecode.swift; path = CachedSubscriptionRepository.swift; sourceTree = "<group>"; };
		7DF2F3E10DA3A5FE7BD3CE8A /* SubscriptionRepository.swift */ = {isa = PBXFileReference; lastKnownFileType = sourcecode.swift; path = SubscriptionRepository.swift; sourceTree = "<group>"; };
		7EA65D1318E5FDCA77615EE6 /* AIApiClient.swift */ = {isa = PBXFileReference; lastKnownFileType = sourcecode.swift; path = AIApiClient.swift; sourceTree = "<group>"; };
		7F70B08E9D9ECDF92829D41C /* PaywallTemplateModels.swift */ = {isa = PBXFileReference; lastKnownFileType = sourcecode.swift; path = PaywallTemplateModels.swift; sourceTree = "<group>"; };
		8144A9D565F13DAE05CF9773 /* MinimalOnboardingView.swift */ = {isa = PBXFileReference; lastKnownFileType = sourcecode.swift; path = MinimalOnboardingView.swift; sourceTree = "<group>"; };
		814E9B34F2D48938838BB00F /* OnboardingCoordinator.swift */ = {isa = PBXFileReference; lastKnownFileType = sourcecode.swift; path = OnboardingCoordinator.swift; sourceTree = "<group>"; };
		81980A4BD0B4DCB6D8A170BB /* TheSwiftKit.app */ = {isa = PBXFileReference; includeInIndex = 0; lastKnownFileType = wrapper.application; path = TheSwiftKit.app; sourceTree = BUILT_PRODUCTS_DIR; };
		84B12189E929904AAF76D5B8 /* Template05NowOrNever.swift */ = {isa = PBXFileReference; lastKnownFileType = sourcecode.swift; path = Template05NowOrNever.swift; sourceTree = "<group>"; };
		85292FFF3C7BA8B337784373 /* AuthCoordinator.swift */ = {isa = PBXFileReference; lastKnownFileType = sourcecode.swift; path = AuthCoordinator.swift; sourceTree = "<group>"; };
		86578F54B407BC6C8D242E7B /* AppLockManager.swift */ = {isa = PBXFileReference; lastKnownFileType = sourcecode.swift; path = AppLockManager.swift; sourceTree = "<group>"; };
		893511591E50257F13B61C30 /* DSComponents.swift */ = {isa = PBXFileReference; lastKnownFileType = sourcecode.swift; path = DSComponents.swift; sourceTree = "<group>"; };
		8F1CF022ED3B02EBCDEDD901 /* TheSwiftKitTests.xctest */ = {isa = PBXFileReference; includeInIndex = 0; lastKnownFileType = wrapper.cfbundle; path = TheSwiftKitTests.xctest; sourceTree = BUILT_PRODUCTS_DIR; };
		90B6F7B73CE653C9A2251EC5 /* DIContainer.swift */ = {isa = PBXFileReference; lastKnownFileType = sourcecode.swift; path = DIContainer.swift; sourceTree = "<group>"; };
		91A3650A872E39E107D2DF6E /* AuthRepository.swift */ = {isa = PBXFileReference; lastKnownFileType = sourcecode.swift; path = AuthRepository.swift; sourceTree = "<group>"; };
		91DDF703AF9B5237D40B926D /* ContainerTests.swift */ = {isa = PBXFileReference; lastKnownFileType = sourcecode.swift; path = ContainerTests.swift; sourceTree = "<group>"; };
		9467804D440E974ACF740AEF /* CarouselOnboardingView.swift */ = {isa = PBXFileReference; lastKnownFileType = sourcecode.swift; path = CarouselOnboardingView.swift; sourceTree = "<group>"; };
		9580CE7C9DF2368F91F116E8 /* OnboardingModels.swift */ = {isa = PBXFileReference; lastKnownFileType = sourcecode.swift; path = OnboardingModels.swift; sourceTree = "<group>"; };
		98B5D5209FA7A198CC89FB3F /* LocalCoreDataRepository.swift */ = {isa = PBXFileReference; lastKnownFileType = sourcecode.swift; path = LocalCoreDataRepository.swift; sourceTree = "<group>"; };
		9999B1C053F24E27BFA3BBAE /* 002_user_subscriptions_enhancements.sql */ = {isa = PBXFileReference; path = 002_user_subscriptions_enhancements.sql; sourceTree = "<group>"; };
		9A4FDE4029FC01E08FEE615C /* AppRouter.swift */ = {isa = PBXFileReference; lastKnownFileType = sourcecode.swift; path = AppRouter.swift; sourceTree = "<group>"; };
		A0640C5B10C5B9589ACB795A /* LocalizationManager.swift */ = {isa = PBXFileReference; lastKnownFileType = sourcecode.swift; path = LocalizationManager.swift; sourceTree = "<group>"; };
		A3D01DD07D0C87D60576C89A /* SupabaseSubscriptionRepository.swift */ = {isa = PBXFileReference; lastKnownFileType = sourcecode.swift; path = SupabaseSubscriptionRepository.swift; sourceTree = "<group>"; };
		A707A1EE86EA744818EE068A /* AIProChatView.swift */ = {isa = PBXFileReference; lastKnownFileType = sourcecode.swift; path = AIProChatView.swift; sourceTree = "<group>"; };
		A9675B06A0ACAC8C98A5D8AE /* DSColors.swift */ = {isa = PBXFileReference; lastKnownFileType = sourcecode.swift; path = DSColors.swift; sourceTree = "<group>"; };
		AC8782B3E5E253B69D575308 /* GamificationEngine.swift */ = {isa = PBXFileReference; lastKnownFileType = sourcecode.swift; path = GamificationEngine.swift; sourceTree = "<group>"; };
		AE1364D2F7631A50AC8EBC1F /* QuestionnaireOnboardingView.swift */ = {isa = PBXFileReference; lastKnownFileType = sourcecode.swift; path = QuestionnaireOnboardingView.swift; sourceTree = "<group>"; };
		AE6D852D3681C68D899757AE /* CachedProfileRepository.swift */ = {isa = PBXFileReference; lastKnownFileType = sourcecode.swift; path = CachedProfileRepository.swift; sourceTree = "<group>"; };
		B18A755F84224F0FBCC98395 /* TimerActivityAttributes.swift */ = {isa = PBXFileReference; lastKnownFileType = sourcecode.swift; path = TimerActivityAttributes.swift; sourceTree = "<group>"; };
		B26A29401D80FE9980B17173 /* Template04TrialTimeline.swift */ = {isa = PBXFileReference; lastKnownFileType = sourcecode.swift; path = Template04TrialTimeline.swift; sourceTree = "<group>"; };
		B55CEEAC8B0BAFFBC12C85A3 /* SupabaseProfileRepository.swift */ = {isa = PBXFileReference; lastKnownFileType = sourcecode.swift; path = SupabaseProfileRepository.swift; sourceTree = "<group>"; };
		BBA2623150A170851A694C15 /* HomeViewModel.swift */ = {isa = PBXFileReference; lastKnownFileType = sourcecode.swift; path = HomeViewModel.swift; sourceTree = "<group>"; };
		BD97A53301B31EDAA461A857 /* ReviewManager.swift */ = {isa = PBXFileReference; lastKnownFileType = sourcecode.swift; path = ReviewManager.swift; sourceTree = "<group>"; };
		BE5E2F676EF50D674E5773BB /* DetailView.swift */ = {isa = PBXFileReference; lastKnownFileType = sourcecode.swift; path = DetailView.swift; sourceTree = "<group>"; };
		BF01F084424273EBC0CC5CB8 /* SupabaseAuthRepository.swift */ = {isa = PBXFileReference; lastKnownFileType = sourcecode.swift; path = SupabaseAuthRepository.swift; sourceTree = "<group>"; };
		C0FE111E68BC41BB8C977ACE /* DesignSystem.swift */ = {isa = PBXFileReference; lastKnownFileType = sourcecode.swift; path = DesignSystem.swift; sourceTree = "<group>"; };
		C307FBDBDB0F0BF4E9FEB4BA /* LanguagePickerView.swift */ = {isa = PBXFileReference; lastKnownFileType = sourcecode.swift; path = LanguagePickerView.swift; sourceTree = "<group>"; };
		C31ECE11834FD5A25A20B1CF /* AIChatStore.swift */ = {isa = PBXFileReference; lastKnownFileType = sourcecode.swift; path = AIChatStore.swift; sourceTree = "<group>"; };
		C7D1761D40003A8DF3443667 /* Template08SmartTrialToggle.swift */ = {isa = PBXFileReference; lastKnownFileType = sourcecode.swift; path = Template08SmartTrialToggle.swift; sourceTree = "<group>"; };
		C8F8F2D1E9C13E1FBA571CE9 /* OnboardingStyle.swift */ = {isa = PBXFileReference; lastKnownFileType = sourcecode.swift; path = OnboardingStyle.swift; sourceTree = "<group>"; };
		CB3A0254D01D43680FD6FBDF /* GamificationViews.swift */ = {isa = PBXFileReference; lastKnownFileType = sourcecode.swift; path = GamificationViews.swift; sourceTree = "<group>"; };
		CC5AE7913B8E4C524169B288 /* AppLockGate.swift */ = {isa = PBXFileReference; lastKnownFileType = sourcecode.swift; path = AppLockGate.swift; sourceTree = "<group>"; };
		CD033A7C9251D1482CE6DA37 /* PurchasesService.swift */ = {isa = PBXFileReference; lastKnownFileType = sourcecode.swift; path = PurchasesService.swift; sourceTree = "<group>"; };
		CD0A212117D67397FEAA5A1C /* NotificationsDebugView.swift */ = {isa = PBXFileReference; lastKnownFileType = sourcecode.swift; path = NotificationsDebugView.swift; sourceTree = "<group>"; };
		CED382AEB9D7A3D6C58E2041 /* Typography.swift */ = {isa = PBXFileReference; lastKnownFileType = sourcecode.swift; path = Typography.swift; sourceTree = "<group>"; };
		D10B7B943558FC3D416723FA /* WidgetsDemoView.swift */ = {isa = PBXFileReference; lastKnownFileType = sourcecode.swift; path = WidgetsDemoView.swift; sourceTree = "<group>"; };
		D403399B15B1CEDA7B00D993 /* README.md */ = {isa = PBXFileReference; lastKnownFileType = net.daringfireball.markdown; path = README.md; sourceTree = "<group>"; };
		D4B44FAECC29A99C9F00457B /* ProfileSetupView.swift */ = {isa = PBXFileReference; lastKnownFileType = sourcecode.swift; path = ProfileSetupView.swift; sourceTree = "<group>"; };
		D5A51C209C36AAFFA564AAC6 /* RatingService.swift */ = {isa = PBXFileReference; lastKnownFileType = sourcecode.swift; path = RatingService.swift; sourceTree = "<group>"; };
		D824F18B4621C75F85B1F9D6 /* HomeView.swift */ = {isa = PBXFileReference; lastKnownFileType = sourcecode.swift; path = HomeView.swift; sourceTree = "<group>"; };
		D8FF8C9561B3C3E105793E3F /* Logger.swift */ = {isa = PBXFileReference; lastKnownFileType = sourcecode.swift; path = Logger.swift; sourceTree = "<group>"; };
		DB8E8EF816F813AED4BE77C0 /* AppleSignInService.swift */ = {isa = PBXFileReference; lastKnownFileType = sourcecode.swift; path = AppleSignInService.swift; sourceTree = "<group>"; };
		DEF903876C936506FECE646E /* SettingsViewModel.swift */ = {isa = PBXFileReference; lastKnownFileType = sourcecode.swift; path = SettingsViewModel.swift; sourceTree = "<group>"; };
		DF7D94F700905A0EEA555355 /* hi */ = {isa = PBXFileReference; lastKnownFileType = text.plist.strings; name = hi; path = hi.lproj/Localizable.strings; sourceTree = "<group>"; };
		DFC50F55568383ED3BFC7FDE /* RootView.swift */ = {isa = PBXFileReference; lastKnownFileType = sourcecode.swift; path = RootView.swift; sourceTree = "<group>"; };
		E4D6ABEF6B5C272FBE4C469F /* Assets.xcassets */ = {isa = PBXFileReference; lastKnownFileType = folder.assetcatalog; path = Assets.xcassets; sourceTree = "<group>"; };
		ED5973627D5054F2C56153CD /* en */ = {isa = PBXFileReference; lastKnownFileType = text.plist.strings; name = en; path = en.lproj/Localizable.strings; sourceTree = "<group>"; };
		EDDE78A08F41C5B5DF683906 /* LogoView.swift */ = {isa = PBXFileReference; lastKnownFileType = sourcecode.swift; path = LogoView.swift; sourceTree = "<group>"; };
		EDF42203D567066C34EC47F1 /* TheSwiftKitApp.swift */ = {isa = PBXFileReference; lastKnownFileType = sourcecode.swift; path = TheSwiftKitApp.swift; sourceTree = "<group>"; };
		EE0040DADE82820AAC24B253 /* CoreDataStack.swift */ = {isa = PBXFileReference; lastKnownFileType = sourcecode.swift; path = CoreDataStack.swift; sourceTree = "<group>"; };
		EED20E2F5BF377EC827FFFEA /* ProfileRepository.swift */ = {isa = PBXFileReference; lastKnownFileType = sourcecode.swift; path = ProfileRepository.swift; sourceTree = "<group>"; };
		F15AB418EA295A3DCEDF8B53 /* Template09Minimalist.swift */ = {isa = PBXFileReference; lastKnownFileType = sourcecode.swift; path = Template09Minimalist.swift; sourceTree = "<group>"; };
		F2B8E9594346A9D7E7B6DAA9 /* SettingsView.swift */ = {isa = PBXFileReference; lastKnownFileType = sourcecode.swift; path = SettingsView.swift; sourceTree = "<group>"; };
		F4D7CF18D8E21A9C667514D5 /* HighlightsOnboardingView.swift */ = {isa = PBXFileReference; lastKnownFileType = sourcecode.swift; path = HighlightsOnboardingView.swift; sourceTree = "<group>"; };
		F729B953E84F6DE79E780305 /* Base */ = {isa = PBXFileReference; lastKnownFileType = text.plist.strings; name = Base; path = Base.lproj/Localizable.strings; sourceTree = "<group>"; };
		F90C75ED2F426AF32EE0D37D /* CacheConfig.swift */ = {isa = PBXFileReference; lastKnownFileType = sourcecode.swift; path = CacheConfig.swift; sourceTree = "<group>"; };
		FA8AA41BCD16D1EEC5CFE572 /* LaunchScreen.storyboard */ = {isa = PBXFileReference; lastKnownFileType = file.storyboard; path = LaunchScreen.storyboard; sourceTree = "<group>"; };
		FAEABA30FF4B83166580D299 /* AIProStreamClient.swift */ = {isa = PBXFileReference; lastKnownFileType = sourcecode.swift; path = AIProStreamClient.swift; sourceTree = "<group>"; };
		FD4509BA293E450FD6D3FA04 /* es */ = {isa = PBXFileReference; lastKnownFileType = text.plist.strings; name = es; path = es.lproj/Localizable.strings; sourceTree = "<group>"; };
		FEBEA4930759F5E43A3B7419 /* AnimatedBackground.swift */ = {isa = PBXFileReference; lastKnownFileType = sourcecode.swift; path = AnimatedBackground.swift; sourceTree = "<group>"; };
/* End PBXFileReference section */

/* Begin PBXFrameworksBuildPhase section */
		0408F8DEF9FBA2002BE647B5 /* Frameworks */ = {
			isa = PBXFrameworksBuildPhase;
			buildActionMask = 2147483647;
			files = (
				82FE9936F9ACEBEF78A8081D /* Supabase in Frameworks */,
				54726C4CC488449D291571CF /* TelemetryClient in Frameworks */,
				517F522882B62EC3D87D6B83 /* RevenueCat in Frameworks */,
			);
			runOnlyForDeploymentPostprocessing = 0;
		};
/* End PBXFrameworksBuildPhase section */

/* Begin PBXGroup section */
		0AA08EA9D8C56707DC240DAF /* AI */ = {
			isa = PBXGroup;
			children = (
				3F455B02741F1717331089CE /* AIViews.swift */,
			);
			path = AI;
			sourceTree = "<group>";
		};
		0DE5037C6F43F1B0C09FF063 /* Persistence */ = {
			isa = PBXGroup;
			children = (
				EE0040DADE82820AAC24B253 /* CoreDataStack.swift */,
			);
			path = Persistence;
			sourceTree = "<group>";
		};
		1003E6DBF52B9EC70A63F672 /* Services */ = {
			isa = PBXGroup;
			children = (
				5D98EFA35E96BEA803829C3E /* AccountDeletionService.swift */,
				7EA65D1318E5FDCA77615EE6 /* AIApiClient.swift */,
				DB8E8EF816F813AED4BE77C0 /* AppleSignInService.swift */,
				4977DB3BDDFE3CA01B3AA4AA /* PurchaseFriendlyError.swift */,
				CD033A7C9251D1482CE6DA37 /* PurchasesService.swift */,
				D5A51C209C36AAFFA564AAC6 /* RatingService.swift */,
				6C031F59993CA5AEB890B024 /* RevenueCatPurchasesService.swift */,
			);
			path = Services;
			sourceTree = "<group>";
		};
		1314AFC3C107E4883F4FD7C1 /* QuestionnaireOnboarding */ = {
			isa = PBXGroup;
			children = (
				250FED8EBA40C168259DAF6A /* QuestionnaireModels.swift */,
				AE1364D2F7631A50AC8EBC1F /* QuestionnaireOnboardingView.swift */,
			);
			path = QuestionnaireOnboarding;
			sourceTree = "<group>";
		};
		1602BD55001AB84489710164 /* Feedback */ = {
			isa = PBXGroup;
			children = (
				61D6FC4EDCB848A2CDEE4517 /* FeedbackService.swift */,
				3D8D5D2A88ADA8CA87C8ACD2 /* FeedbackView.swift */,
			);
			path = Feedback;
			sourceTree = "<group>";
		};
		234C95AE397BA807F61CFB34 /* Demo */ = {
			isa = PBXGroup;
			children = (
				98B5D5209FA7A198CC89FB3F /* LocalCoreDataRepository.swift */,
				6035B49F217B915AADAE84BB /* LocalDataDemoView.swift */,
				5300D70DC882C5860FC84799 /* RatingPromptView.swift */,
				618196BF568C30BEA8431BA0 /* TestDriveView.swift */,
			);
			path = Demo;
			sourceTree = "<group>";
		};
		28E47A3E357EA6922CCFACB9 /* Unit */ = {
			isa = PBXGroup;
			children = (
				91DDF703AF9B5237D40B926D /* ContainerTests.swift */,
			);
			path = Unit;
			sourceTree = "<group>";
		};
		33D43705629580B6D4656D3F /* Profile */ = {
			isa = PBXGroup;
			children = (
				D4B44FAECC29A99C9F00457B /* ProfileSetupView.swift */,
			);
			path = Profile;
			sourceTree = "<group>";
		};
		3A51A13E6EFA59284E63788B /* sql */ = {
			isa = PBXGroup;
			children = (
				1818A0CB4AE32F3060E8AC92 /* 001_user_subscriptions.sql */,
				9999B1C053F24E27BFA3BBAE /* 002_user_subscriptions_enhancements.sql */,
			);
			path = sql;
			sourceTree = "<group>";
		};
		410EC0B68C1C54E8A18CF168 /* Widgets */ = {
			isa = PBXGroup;
			children = (
				3E04A63022B6069C4E35D739 /* TheSwiftKitWidgets.swift */,
				C89CE8A2E9CD854420E0F70E /* Shared */,
			);
			path = Widgets;
			sourceTree = "<group>";
		};
		493ECAB115A374DE2464763E /* Config */ = {
			isa = PBXGroup;
			children = (
				6023B9DE41BA5525D7B2B147 /* AppConfig.swift */,
				0A0F0159F81E05383CBA1B92 /* FeatureFlags.swift */,
				3A9451442E772AC518E042C8 /* Secrets.swift */,
			);
			path = Config;
			sourceTree = "<group>";
		};
		4A826FAC749B32CB0F22D1E4 /* Modules */ = {
			isa = PBXGroup;
			children = (
				0AA08EA9D8C56707DC240DAF /* AI */,
				5CA5F07B902EA9CB51C8D152 /* AIPro */,
				5BF46D1337EB480435C262BE /* AppLock */,
				D87420E02ADFF84D6D5844A9 /* Auth */,
				B54224A4D43744DDFB094C95 /* Capture */,
				B29CA89B71EF9EA2DE1C7E7D /* Charts */,
				234C95AE397BA807F61CFB34 /* Demo */,
				1602BD55001AB84489710164 /* Feedback */,
				BB76D38262EA58AB5B9ADD2F /* Gamification */,
				AC8912E53CDEE6F60C35D2FF /* Home */,
				D3B527C825BB4884E7142FFF /* Localization */,
				9EE9D5E0A2668E247288AC0A /* Notifications */,
				9FB0A8140D05F983C5D9711B /* Onboarding */,
				EEDCBD448C6D6D6C355604F6 /* Paywall */,
				C38699FCE44B37D4FC702ABC /* PaywallTemplates */,
				33D43705629580B6D4656D3F /* Profile */,
				1314AFC3C107E4883F4FD7C1 /* QuestionnaireOnboarding */,
				EF1A7A2E0F4CA68E049C9239 /* Reminders */,
				7F2D895518FCB688A3940133 /* Review */,
				CB12DB8ED9CB0842A72FD998 /* Settings */,
				9C51D0CFEBE67BD6443979BA /* SwiftDataStore */,
				E2FD4C4989EB111BC2390101 /* WidgetsDemo */,
			);
			path = Modules;
			sourceTree = "<group>";
		};
		4CC8A7F59AB4345B488D0908 /* edge */ = {
			isa = PBXGroup;
			children = (
				49637C80DC2D7BC32EBB28AE /* user_subscriptions_webhook.ts */,
			);
			path = edge;
			sourceTree = "<group>";
		};
		5BF46D1337EB480435C262BE /* AppLock */ = {
			isa = PBXGroup;
			children = (
				CC5AE7913B8E4C524169B288 /* AppLockGate.swift */,
				86578F54B407BC6C8D242E7B /* AppLockManager.swift */,
			);
			path = AppLock;
			sourceTree = "<group>";
		};
		5CA5F07B902EA9CB51C8D152 /* AIPro */ = {
			isa = PBXGroup;
			children = (
				C31ECE11834FD5A25A20B1CF /* AIChatStore.swift */,
				A707A1EE86EA744818EE068A /* AIProChatView.swift */,
				FAEABA30FF4B83166580D299 /* AIProStreamClient.swift */,
			);
			path = AIPro;
			sourceTree = "<group>";
		};
		65ABA4EA050CBF54DC474180 /* Analytics */ = {
			isa = PBXGroup;
			children = (
				2B6697EBD2D0682AF5AB3588 /* AnalyticsService.swift */,
			);
			path = Analytics;
			sourceTree = "<group>";
		};
		7D660771840979672717CB11 /* Logging */ = {
			isa = PBXGroup;
			children = (
				D8FF8C9561B3C3E105793E3F /* Logger.swift */,
			);
			path = Logging;
			sourceTree = "<group>";
		};
		7F2D895518FCB688A3940133 /* Review */ = {
			isa = PBXGroup;
			children = (
				BD97A53301B31EDAA461A857 /* ReviewManager.swift */,
			);
			path = Review;
			sourceTree = "<group>";
		};
		82DCA900BCB096373DC605A0 /* DI */ = {
			isa = PBXGroup;
			children = (
				90B6F7B73CE653C9A2251EC5 /* DIContainer.swift */,
			);
			path = DI;
			sourceTree = "<group>";
		};
		879C4994BCA9F32CA2279467 /* Notifications */ = {
			isa = PBXGroup;
			children = (
				39C52358FAD95254777DC406 /* NotificationService.swift */,
			);
			path = Notifications;
			sourceTree = "<group>";
		};
		8B584F448D40C7ADE3CB5BD4 /* Backend */ = {
			isa = PBXGroup;
			children = (
				BF1414D9D40EAD1369DF52C2 /* Protocols */,
				E442C9B02C00E49D7E45B0E7 /* Supabase */,
			);
			path = Backend;
			sourceTree = "<group>";
		};
		9C51D0CFEBE67BD6443979BA /* SwiftDataStore */ = {
			isa = PBXGroup;
			children = (
				0692B14EEF24E4A8755BD2FD /* StoredItem.swift */,
				1054D257A1B9F7A1466A4870 /* SwiftDataDemoView.swift */,
			);
			path = SwiftDataStore;
			sourceTree = "<group>";
		};
		9EE9D5E0A2668E247288AC0A /* Notifications */ = {
			isa = PBXGroup;
			children = (
				CD0A212117D67397FEAA5A1C /* NotificationsDebugView.swift */,
			);
			path = Notifications;
			sourceTree = "<group>";
		};
		9F91A016941D88F2685FD4C9 /* Root */ = {
			isa = PBXGroup;
			children = (
				DFC50F55568383ED3BFC7FDE /* RootView.swift */,
				EDF42203D567066C34EC47F1 /* TheSwiftKitApp.swift */,
			);
			path = Root;
			sourceTree = "<group>";
		};
		9FB0A8140D05F983C5D9711B /* Onboarding */ = {
			isa = PBXGroup;
			children = (
				9467804D440E974ACF740AEF /* CarouselOnboardingView.swift */,
				F4D7CF18D8E21A9C667514D5 /* HighlightsOnboardingView.swift */,
				8144A9D565F13DAE05CF9773 /* MinimalOnboardingView.swift */,
				814E9B34F2D48938838BB00F /* OnboardingCoordinator.swift */,
				9580CE7C9DF2368F91F116E8 /* OnboardingModels.swift */,
				C8F8F2D1E9C13E1FBA571CE9 /* OnboardingStyle.swift */,
			);
			path = Onboarding;
			sourceTree = "<group>";
		};
		A677A26B4F26D33B6AFEA501 /* Core */ = {
			isa = PBXGroup;
			children = (
				65ABA4EA050CBF54DC474180 /* Analytics */,
				EBB8A4C259459BB18158BCCC /* Cache */,
				82DCA900BCB096373DC605A0 /* DI */,
				7D660771840979672717CB11 /* Logging */,
				879C4994BCA9F32CA2279467 /* Notifications */,
				0DE5037C6F43F1B0C09FF063 /* Persistence */,
				9F91A016941D88F2685FD4C9 /* Root */,
				D0C975128E36C1A551DEACA5 /* Routing */,
				1003E6DBF52B9EC70A63F672 /* Services */,
				E2313B54F497C5DD03DE7232 /* Theme */,
				CAC38A8222A16E050C4A04B1 /* Utils */,
			);
			path = Core;
			sourceTree = "<group>";
		};
		AC8912E53CDEE6F60C35D2FF /* Home */ = {
			isa = PBXGroup;
			children = (
				BE5E2F676EF50D674E5773BB /* DetailView.swift */,
				D824F18B4621C75F85B1F9D6 /* HomeView.swift */,
				BBA2623150A170851A694C15 /* HomeViewModel.swift */,
			);
			path = Home;
			sourceTree = "<group>";
		};
		B29CA89B71EF9EA2DE1C7E7D /* Charts */ = {
			isa = PBXGroup;
			children = (
				13A0B252E38E6B5589A4EA97 /* ChartsDemoView.swift */,
			);
			path = Charts;
			sourceTree = "<group>";
		};
		B54224A4D43744DDFB094C95 /* Capture */ = {
			isa = PBXGroup;
			children = (
				4B2B12D5FC12BD03DE283037 /* CaptureDemoView.swift */,
				17631812FE690D29230CFBE4 /* DocumentScannerView.swift */,
				570C38B31A6FCDFE735FAC9F /* TextRecognizer.swift */,
			);
			path = Capture;
			sourceTree = "<group>";
		};
		B8D1BF28091BC07E79F24E5E /* Fonts */ = {
			isa = PBXGroup;
			children = (
				D403399B15B1CEDA7B00D993 /* README.md */,
			);
			path = Fonts;
			sourceTree = "<group>";
		};
		BB76D38262EA58AB5B9ADD2F /* Gamification */ = {
			isa = PBXGroup;
			children = (
				67939A9B7E438C7F099029EA /* GamificationDemoView.swift */,
				AC8782B3E5E253B69D575308 /* GamificationEngine.swift */,
				CB3A0254D01D43680FD6FBDF /* GamificationViews.swift */,
			);
			path = Gamification;
			sourceTree = "<group>";
		};
		BF1414D9D40EAD1369DF52C2 /* Protocols */ = {
			isa = PBXGroup;
			children = (
				91A3650A872E39E107D2DF6E /* AuthRepository.swift */,
				EED20E2F5BF377EC827FFFEA /* ProfileRepository.swift */,
				7DF2F3E10DA3A5FE7BD3CE8A /* SubscriptionRepository.swift */,
				7701116BE4D431BE51F3CC9B /* UserRepository.swift */,
			);
			path = Protocols;
			sourceTree = "<group>";
		};
		C38699FCE44B37D4FC702ABC /* PaywallTemplates */ = {
			isa = PBXGroup;
			children = (
				053F13975884933947979EA1 /* PaywallComponents.swift */,
				6CDD07878848FBEE733F9865 /* PaywallGalleryView.swift */,
				69775659A87738A9D8256F57 /* PaywallTemplateHost.swift */,
				7F70B08E9D9ECDF92829D41C /* PaywallTemplateModels.swift */,
				5F08FB4D05599BE7BBC54E24 /* Template01AnchorDecoy.swift */,
				1B9F39E63E2DE30125AAFF36 /* Template02ValueStack.swift */,
				0E8A8910FA23808C9A55F0CD /* Template03SocialProof.swift */,
				B26A29401D80FE9980B17173 /* Template04TrialTimeline.swift */,
				84B12189E929904AAF76D5B8 /* Template05NowOrNever.swift */,
				1B712AB3D5BE97CAB4433FB5 /* Template06AllPlans.swift */,
				35AA930D98136445AC70AE77 /* Template07FeatureCarousel.swift */,
				C7D1761D40003A8DF3443667 /* Template08SmartTrialToggle.swift */,
				F15AB418EA295A3DCEDF8B53 /* Template09Minimalist.swift */,
				3C0577D3654C959EB4356F36 /* Template10UIShowcase.swift */,
			);
			path = PaywallTemplates;
			sourceTree = "<group>";
		};
		C89CE8A2E9CD854420E0F70E /* Shared */ = {
			isa = PBXGroup;
			children = (
				05725D7146C1F3E0BB18EBC6 /* LiveActivityController.swift */,
				B18A755F84224F0FBCC98395 /* TimerActivityAttributes.swift */,
			);
			path = Shared;
			sourceTree = "<group>";
		};
		CAC38A8222A16E050C4A04B1 /* Utils */ = {
			isa = PBXGroup;
			children = (
				45936225A9EAE20AD762B4B0 /* AppEvents.swift */,
				32BA19F326DB0D14E640C70B /* Localization.swift */,
			);
			path = Utils;
			sourceTree = "<group>";
		};
		CB12DB8ED9CB0842A72FD998 /* Settings */ = {
			isa = PBXGroup;
			children = (
				F2B8E9594346A9D7E7B6DAA9 /* SettingsView.swift */,
				DEF903876C936506FECE646E /* SettingsViewModel.swift */,
			);
			path = Settings;
			sourceTree = "<group>";
		};
		CCDFDE38004307A1BDD51F66 /* Tests */ = {
			isa = PBXGroup;
			children = (
				28E47A3E357EA6922CCFACB9 /* Unit */,
			);
			path = Tests;
			sourceTree = "<group>";
		};
		D0C975128E36C1A551DEACA5 /* Routing */ = {
			isa = PBXGroup;
			children = (
				9A4FDE4029FC01E08FEE615C /* AppRouter.swift */,
			);
			path = Routing;
			sourceTree = "<group>";
		};
		D3B527C825BB4884E7142FFF /* Localization */ = {
			isa = PBXGroup;
			children = (
				C307FBDBDB0F0BF4E9FEB4BA /* LanguagePickerView.swift */,
				A0640C5B10C5B9589ACB795A /* LocalizationManager.swift */,
			);
			path = Localization;
			sourceTree = "<group>";
		};
		D87420E02ADFF84D6D5844A9 /* Auth */ = {
			isa = PBXGroup;
			children = (
				85292FFF3C7BA8B337784373 /* AuthCoordinator.swift */,
				4B4BE04E13D4CD6E9A80541D /* CreateAccountView.swift */,
				4ED4791D530CE2D2568D7468 /* SignInView.swift */,
			);
			path = Auth;
			sourceTree = "<group>";
		};
		DF49202DF627EC52396E4B0A /* Resources */ = {
			isa = PBXGroup;
			children = (
				E4D6ABEF6B5C272FBE4C469F /* Assets.xcassets */,
				FA8AA41BCD16D1EEC5CFE572 /* LaunchScreen.storyboard */,
				0E9E74F97B0C4A871E8FF909 /* Localizable.strings */,
				B8D1BF28091BC07E79F24E5E /* Fonts */,
			);
			path = Resources;
			sourceTree = "<group>";
		};
		E2313B54F497C5DD03DE7232 /* Theme */ = {
			isa = PBXGroup;
			children = (
				FEBEA4930759F5E43A3B7419 /* AnimatedBackground.swift */,
				C0FE111E68BC41BB8C977ACE /* DesignSystem.swift */,
				26A2EEE9EBA445478DC87E9D /* DesignTokens.swift */,
				A9675B06A0ACAC8C98A5D8AE /* DSColors.swift */,
				893511591E50257F13B61C30 /* DSComponents.swift */,
				1520E42B9E6B5407E987BC8D /* FontRegistry.swift */,
				6E6A1B7F6E3BB4440E4F973C /* Glass.swift */,
				EDDE78A08F41C5B5DF683906 /* LogoView.swift */,
				560B154E8EDA5117C9831677 /* Theme.swift */,
				CED382AEB9D7A3D6C58E2041 /* Typography.swift */,
			);
			path = Theme;
			sourceTree = "<group>";
		};
		E2FD4C4989EB111BC2390101 /* WidgetsDemo */ = {
			isa = PBXGroup;
			children = (
				D10B7B943558FC3D416723FA /* WidgetsDemoView.swift */,
			);
			path = WidgetsDemo;
			sourceTree = "<group>";
		};
		E442C9B02C00E49D7E45B0E7 /* Supabase */ = {
			isa = PBXGroup;
			children = (
				0FFB0781368AC8C38E960C77 /* setup.sql */,
				BF01F084424273EBC0CC5CB8 /* SupabaseAuthRepository.swift */,
				B55CEEAC8B0BAFFBC12C85A3 /* SupabaseProfileRepository.swift */,
				A3D01DD07D0C87D60576C89A /* SupabaseSubscriptionRepository.swift */,
				4CC8A7F59AB4345B488D0908 /* edge */,
				3A51A13E6EFA59284E63788B /* sql */,
			);
			path = Supabase;
			sourceTree = "<group>";
		};
		EBB8A4C259459BB18158BCCC /* Cache */ = {
			isa = PBXGroup;
			children = (
				F90C75ED2F426AF32EE0D37D /* CacheConfig.swift */,
				AE6D852D3681C68D899757AE /* CachedProfileRepository.swift */,
				7C2965715E21F71761E2150A /* CachedSubscriptionRepository.swift */,
				24123EEFFABCD810C6619B71 /* CacheInvalidationObserver.swift */,
				237B18F65564147DB8105DEC /* CacheManager.swift */,
				1647C270E4A01B94EA9C58ED /* CacheProtocol.swift */,
			);
			path = Cache;
			sourceTree = "<group>";
		};
		EEDCBD448C6D6D6C355604F6 /* Paywall */ = {
			isa = PBXGroup;
			children = (
				5D1F60834E7A7FDEC0683A9E /* PaywallView.swift */,
			);
			path = Paywall;
			sourceTree = "<group>";
		};
		EF1A7A2E0F4CA68E049C9239 /* Reminders */ = {
			isa = PBXGroup;
			children = (
				5112228A009A1FDA2DE9A5E9 /* ReminderScheduler.swift */,
				19EB97E97570F7BD47A2336C /* RemindersDemoView.swift */,
			);
			path = Reminders;
			sourceTree = "<group>";
		};
		F3F7040AB0B21F5F30862173 /* Products */ = {
			isa = PBXGroup;
			children = (
				81980A4BD0B4DCB6D8A170BB /* TheSwiftKit.app */,
				8F1CF022ED3B02EBCDEDD901 /* TheSwiftKitTests.xctest */,
				785556D16F42F042BB829F84 /* TheSwiftKitWidgets.appex */,
			);
			name = Products;
			sourceTree = "<group>";
		};
		F58C4DA00E186A3A1E0669AE = {
			isa = PBXGroup;
			children = (
				8B584F448D40C7ADE3CB5BD4 /* Backend */,
				493ECAB115A374DE2464763E /* Config */,
				A677A26B4F26D33B6AFEA501 /* Core */,
				4A826FAC749B32CB0F22D1E4 /* Modules */,
				DF49202DF627EC52396E4B0A /* Resources */,
				CCDFDE38004307A1BDD51F66 /* Tests */,
				410EC0B68C1C54E8A18CF168 /* Widgets */,
				F3F7040AB0B21F5F30862173 /* Products */,
			);
			sourceTree = "<group>";
		};
/* End PBXGroup section */

/* Begin PBXNativeTarget section */
		295417D127A212D417553723 /* TheSwiftKitWidgets */ = {
			isa = PBXNativeTarget;
			buildConfigurationList = E6DB10403047FC90C2282F13 /* Build configuration list for PBXNativeTarget "TheSwiftKitWidgets" */;
			buildPhases = (
				968F4140F6D864B5DD4ECDE1 /* Sources */,
			);
			buildRules = (
			);
			dependencies = (
			);
			name = TheSwiftKitWidgets;
			packageProductDependencies = (
			);
			productName = TheSwiftKitWidgets;
			productReference = 785556D16F42F042BB829F84 /* TheSwiftKitWidgets.appex */;
			productType = "com.apple.product-type.app-extension";
		};
		3B98C2E67FD5AD8D20B3F617 /* TheSwiftKitTests */ = {
			isa = PBXNativeTarget;
			buildConfigurationList = BF24F0B56B0BF90F56852B00 /* Build configuration list for PBXNativeTarget "TheSwiftKitTests" */;
			buildPhases = (
				62FEF70661605FC876BF4375 /* Sources */,
			);
			buildRules = (
			);
			dependencies = (
				A5766AD685D9FFACE1093077 /* PBXTargetDependency */,
			);
			name = TheSwiftKitTests;
			packageProductDependencies = (
			);
			productName = TheSwiftKitTests;
			productReference = 8F1CF022ED3B02EBCDEDD901 /* TheSwiftKitTests.xctest */;
			productType = "com.apple.product-type.bundle.unit-test";
		};
		9BA01C3D691AFEA1D5176AE7 /* TheSwiftKit */ = {
			isa = PBXNativeTarget;
			buildConfigurationList = F663F724C27CF6778777E912 /* Build configuration list for PBXNativeTarget "TheSwiftKit" */;
			buildPhases = (
				9E3156549DC87A853AADCA4C /* Sources */,
				58B2CAA5C85D76ACEBCE45EC /* Resources */,
				0408F8DEF9FBA2002BE647B5 /* Frameworks */,
				D2E935E7727DB55C8744BBE8 /* Embed Foundation Extensions */,
			);
			buildRules = (
			);
			dependencies = (
				A918E37BBD206608D4279CB5 /* PBXTargetDependency */,
			);
			name = TheSwiftKit;
			packageProductDependencies = (
				8EDC71F98C8FF18E3C959AEF /* Supabase */,
				D492D8878C69F39A68B48AD7 /* TelemetryClient */,
				1B6F5BF27F0B1B360707E0FF /* RevenueCat */,
			);
			productName = TheSwiftKit;
			productReference = 81980A4BD0B4DCB6D8A170BB /* TheSwiftKit.app */;
			productType = "com.apple.product-type.application";
		};
/* End PBXNativeTarget section */

/* Begin PBXProject section */
		D710B0E614A257F27F9F650F /* Project object */ = {
			isa = PBXProject;
			attributes = {
				BuildIndependentTargetsInParallel = YES;
				LastUpgradeCheck = 1510;
			};
			buildConfigurationList = D9D0517718DB71F4A1978A5E /* Build configuration list for PBXProject "TheSwiftKit" */;
			compatibilityVersion = "Xcode 14.0";
			developmentRegion = en;
			hasScannedForEncodings = 0;
			knownRegions = (
				Base,
				en,
				es,
				hi,
			);
			mainGroup = F58C4DA00E186A3A1E0669AE;
			minimizedProjectReferenceProxies = 1;
			packageReferences = (
				3EDA9F9ACFC9DA8DB062C16B /* XCRemoteSwiftPackageReference "purchases-ios" */,
				E8F7FA6829DDB9BC53B35AE3 /* XCRemoteSwiftPackageReference "supabase-swift" */,
				ABFDE3A79AF96D15056AD52F /* XCRemoteSwiftPackageReference "SwiftSDK" */,
			);
			preferredProjectObjectVersion = 77;
			projectDirPath = "";
			projectRoot = "";
			targets = (
				9BA01C3D691AFEA1D5176AE7 /* TheSwiftKit */,
				3B98C2E67FD5AD8D20B3F617 /* TheSwiftKitTests */,
				295417D127A212D417553723 /* TheSwiftKitWidgets */,
			);
		};
/* End PBXProject section */

/* Begin PBXResourcesBuildPhase section */
		58B2CAA5C85D76ACEBCE45EC /* Resources */ = {
			isa = PBXResourcesBuildPhase;
			buildActionMask = 2147483647;
			files = (
				F3D2341F4C80840A1151B88B /* 001_user_subscriptions.sql in Resources */,
				BAE1AAC7C05DFD06F2D0483F /* 002_user_subscriptions_enhancements.sql in Resources */,
				BE32DB57DB91BF5B62EEA824 /* Assets.xcassets in Resources */,
				69692D63153177EAC279C243 /* LaunchScreen.storyboard in Resources */,
				78AC7C12CC3C70519749DE90 /* Localizable.strings in Resources */,
				534B68EDA2C699A3F7BAE228 /* README.md in Resources */,
				C11EE3D665B0FCF819CE1AF7 /* setup.sql in Resources */,
				C55B9381F98A54009A49B357 /* user_subscriptions_webhook.ts in Resources */,
			);
			runOnlyForDeploymentPostprocessing = 0;
		};
/* End PBXResourcesBuildPhase section */

/* Begin PBXSourcesBuildPhase section */
		62FEF70661605FC876BF4375 /* Sources */ = {
			isa = PBXSourcesBuildPhase;
			buildActionMask = 2147483647;
			files = (
				5CBD14687BC3EC4E57B68D10 /* ContainerTests.swift in Sources */,
			);
			runOnlyForDeploymentPostprocessing = 0;
		};
		968F4140F6D864B5DD4ECDE1 /* Sources */ = {
			isa = PBXSourcesBuildPhase;
			buildActionMask = 2147483647;
			files = (
				E6A1255B2C3B07681C0DF13C /* LiveActivityController.swift in Sources */,
				2052CA963F9DE58791DC99A7 /* TheSwiftKitWidgets.swift in Sources */,
				A178C3D550DA5DA9D00D730F /* TimerActivityAttributes.swift in Sources */,
			);
			runOnlyForDeploymentPostprocessing = 0;
		};
		9E3156549DC87A853AADCA4C /* Sources */ = {
			isa = PBXSourcesBuildPhase;
			buildActionMask = 2147483647;
			files = (
				5903D28BE249269798861BF2 /* AIApiClient.swift in Sources */,
				3895388EA62A88C9AAA83C6B /* AIChatStore.swift in Sources */,
				D0D13477E3A4084C9D3A5A0A /* AIProChatView.swift in Sources */,
				7FA4FAEA22D5128F8177F77B /* AIProStreamClient.swift in Sources */,
				695399647ED61ABA6E2AFD8A /* AIViews.swift in Sources */,
				8BD30370A304E5C1D8D307DB /* AccountDeletionService.swift in Sources */,
				527FEADFB8974871FCA4D029 /* AnalyticsService.swift in Sources */,
				E071538416B407785AE39626 /* AnimatedBackground.swift in Sources */,
				9D70E0F7EDE347BE2E47472D /* AppConfig.swift in Sources */,
				9EAF63F22913E29A44A4186D /* AppEvents.swift in Sources */,
				1569D8490E073169386FB731 /* AppLockGate.swift in Sources */,
				9396BE1562C44A035C1525E5 /* AppLockManager.swift in Sources */,
				24F725F4232FE09504322DC6 /* AppRouter.swift in Sources */,
				48BF88B051FDD1F851C6C58C /* AppleSignInService.swift in Sources */,
				3E66E9A5EBB3E53F5E219133 /* AuthCoordinator.swift in Sources */,
				92D4DB8416B3DD3274FB7614 /* AuthRepository.swift in Sources */,
				5D8979726D00190B6A895678 /* CacheConfig.swift in Sources */,
				6360FD06AF53EE3EC915E703 /* CacheInvalidationObserver.swift in Sources */,
				98D2E4E796D9FBF60B82FB32 /* CacheManager.swift in Sources */,
				65DF42D373C83FCA22208C69 /* CacheProtocol.swift in Sources */,
				30CE93339AC39031DBCE9F8B /* CachedProfileRepository.swift in Sources */,
				0D2909328F049D2CD53A99CF /* CachedSubscriptionRepository.swift in Sources */,
				4E3C0D6163D7674E7C1C8457 /* CaptureDemoView.swift in Sources */,
				3B643EAF4FE917ABE14F7715 /* CarouselOnboardingView.swift in Sources */,
				E79F6FEA447079998F532C36 /* ChartsDemoView.swift in Sources */,
				960B062E551C573ACB452D99 /* CoreDataStack.swift in Sources */,
				D62DE885D288B56707EAC2A9 /* CreateAccountView.swift in Sources */,
				F4AD48471A97E9C422D5C81C /* DIContainer.swift in Sources */,
				DFD8CFDE8A682C9CF532CBAA /* DSColors.swift in Sources */,
				C23404B2C5E97849BF99C7AE /* DSComponents.swift in Sources */,
				34079D98C76D3F8F795FE8A3 /* DesignSystem.swift in Sources */,
				19F5CD93F504418900AD78EE /* DesignTokens.swift in Sources */,
				268817AE9EE9FBC8C732F6B0 /* DetailView.swift in Sources */,
				6DD9AB4A0B6FA32A362A7EA6 /* DocumentScannerView.swift in Sources */,
				6746BBC3D57CAA6DFA9E0E36 /* FeatureFlags.swift in Sources */,
				7CF48E0DFF472EE7A47CC147 /* FeedbackService.swift in Sources */,
				E0CA914938EAB95419043396 /* FeedbackView.swift in Sources */,
				16222500D6B5BEC83BF1BDAB /* FontRegistry.swift in Sources */,
				8D99997F8EF1E4A4D1FC1FAA /* GamificationDemoView.swift in Sources */,
				DD1E1EFCD5C4B08C368F66AE /* GamificationEngine.swift in Sources */,
				E312873DB92C866D822613A4 /* GamificationViews.swift in Sources */,
				3911E4AACE3AEE982F25BA1F /* Glass.swift in Sources */,
				8B9FE3C8A6269C0AD88EFE6B /* HighlightsOnboardingView.swift in Sources */,
				8294CEEEBD6C416E99C58FF7 /* HomeView.swift in Sources */,
				A006E16F92F65559BD1EF60F /* HomeViewModel.swift in Sources */,
				1C3C03462CC2AA42D7E978E7 /* LanguagePickerView.swift in Sources */,
				9DC2938E2AA26F1EB8E561CA /* LiveActivityController.swift in Sources */,
				976D14DE599026D83D868A1B /* LocalCoreDataRepository.swift in Sources */,
				A648DABA13C1E8872F8A7784 /* LocalDataDemoView.swift in Sources */,
				7BC7EAC62BF68111A3071349 /* Localization.swift in Sources */,
				E02694DF072C6C2E45953AE9 /* LocalizationManager.swift in Sources */,
				5E5FE9D1D4A9E318108318C7 /* Logger.swift in Sources */,
				77C4C9E63F034A971604339C /* LogoView.swift in Sources */,
				761B5F9CFF6BB59C6E48D7E4 /* MinimalOnboardingView.swift in Sources */,
				AC906A10D2CFAD476B2A60AF /* NotificationService.swift in Sources */,
				AD0496E174E0B7286885051D /* NotificationsDebugView.swift in Sources */,
				4D1BF9B4758FFE5BD2EF1302 /* OnboardingCoordinator.swift in Sources */,
				DD8BA04B98FB83EC18F4C263 /* OnboardingModels.swift in Sources */,
				1D81821100CE2C0765694800 /* OnboardingStyle.swift in Sources */,
				803B487C98E7E149BAE2D445 /* PaywallComponents.swift in Sources */,
				8497D5BE1C4C2FD291964739 /* PaywallGalleryView.swift in Sources */,
				9CD4D4B12793A4C1BF198402 /* PaywallTemplateHost.swift in Sources */,
				985580FBF67732FCBFADF451 /* PaywallTemplateModels.swift in Sources */,
				39D77E581A170A59419FE9F7 /* PaywallView.swift in Sources */,
				B8338F5D35A2BE82474CC1EE /* ProfileRepository.swift in Sources */,
				3A9F2BE2876FD3B86C5F8491 /* ProfileSetupView.swift in Sources */,
				7804D8FBB7DF1C1667541567 /* PurchaseFriendlyError.swift in Sources */,
				A3F6718C2FD1387A3B31405B /* PurchasesService.swift in Sources */,
				48345CEE38ECC440E1E192AA /* QuestionnaireModels.swift in Sources */,
				AE5BABBA7F5ED195826BF787 /* QuestionnaireOnboardingView.swift in Sources */,
				018442B41BB0C286AEFF63F7 /* RatingPromptView.swift in Sources */,
				3A5A73CA7411BB3932B97417 /* RatingService.swift in Sources */,
				164066B671904B7DBFDE39D9 /* ReminderScheduler.swift in Sources */,
				274D7E7978C2872191B2D534 /* RemindersDemoView.swift in Sources */,
				1AD13B2BBD42A4C63F5869FC /* RevenueCatPurchasesService.swift in Sources */,
				F11D31C4479D065772CBCF52 /* ReviewManager.swift in Sources */,
				0D01A1CCE78118A967E89CF6 /* RootView.swift in Sources */,
				4D194885D6525C729B1CC5BB /* Secrets.swift in Sources */,
				0F5F6329C1B62C89C5D499B7 /* SettingsView.swift in Sources */,
				B3C7765DBCCF3EBB478F7AAB /* SettingsViewModel.swift in Sources */,
				00FC7C4C3CBC23D9402BB51E /* SignInView.swift in Sources */,
				3CC4F463C3F4DEB3E38A3421 /* StoredItem.swift in Sources */,
				50B54D3ABC347A56E4A8F64A /* SubscriptionRepository.swift in Sources */,
				35FA66879A8A3613B0867E9B /* SupabaseAuthRepository.swift in Sources */,
				FB548C4F312BD23A0A03ADB2 /* SupabaseProfileRepository.swift in Sources */,
				72E8DE2A72A87767C2F58361 /* SupabaseSubscriptionRepository.swift in Sources */,
				692264EDD20CD02261A3B74C /* SwiftDataDemoView.swift in Sources */,
				FA1ACD383101E3CF01CAECCA /* Template01AnchorDecoy.swift in Sources */,
				BDA3C50A1FFF5DF0A6D7ACC7 /* Template02ValueStack.swift in Sources */,
				6AC9B25484976D52D2553B8C /* Template03SocialProof.swift in Sources */,
				51FEED2A533AC2B85FAEEB69 /* Template04TrialTimeline.swift in Sources */,
				F4B68F3F27B75C08725A447C /* Template05NowOrNever.swift in Sources */,
				981462DCA1D252485DA4C0B1 /* Template06AllPlans.swift in Sources */,
				134242B82E95E72497A1BB4D /* Template07FeatureCarousel.swift in Sources */,
				8AE55C919302C5ECDF7B576B /* Template08SmartTrialToggle.swift in Sources */,
				AA91953F5CD350F2738EE5DD /* Template09Minimalist.swift in Sources */,
				09DD9E131A6944AA0F26ACD2 /* Template10UIShowcase.swift in Sources */,
				97C8EEDF609D2473748C071B /* TestDriveView.swift in Sources */,
				DF185506F620031F4C79BACB /* TextRecognizer.swift in Sources */,
				FD77729B7FC4B6144FFA2619 /* TheSwiftKitApp.swift in Sources */,
				0B397F99A49DE448041A3059 /* Theme.swift in Sources */,
				200A79C90CF4BCB43CCC6474 /* TimerActivityAttributes.swift in Sources */,
				DA528BD99E55F60EF85E5339 /* Typography.swift in Sources */,
				D5CD2C873FCFE92767194D9D /* UserRepository.swift in Sources */,
				8557F8D6791E64DCC208375D /* WidgetsDemoView.swift in Sources */,
			);
			runOnlyForDeploymentPostprocessing = 0;
		};
/* End PBXSourcesBuildPhase section */

/* Begin PBXTargetDependency section */
		A5766AD685D9FFACE1093077 /* PBXTargetDependency */ = {
			isa = PBXTargetDependency;
			target = 9BA01C3D691AFEA1D5176AE7 /* TheSwiftKit */;
			targetProxy = 5A4A8BE5E42D0E356DF9ED48 /* PBXContainerItemProxy */;
		};
		A918E37BBD206608D4279CB5 /* PBXTargetDependency */ = {
			isa = PBXTargetDependency;
			target = 295417D127A212D417553723 /* TheSwiftKitWidgets */;
			targetProxy = 70206BD7C1A6BF75008BBEDF /* PBXContainerItemProxy */;
		};
/* End PBXTargetDependency section */

/* Begin PBXVariantGroup section */
		0E9E74F97B0C4A871E8FF909 /* Localizable.strings */ = {
			isa = PBXVariantGroup;
			children = (
				F729B953E84F6DE79E780305 /* Base */,
				ED5973627D5054F2C56153CD /* en */,
				FD4509BA293E450FD6D3FA04 /* es */,
				DF7D94F700905A0EEA555355 /* hi */,
			);
			name = Localizable.strings;
			sourceTree = "<group>";
		};
/* End PBXVariantGroup section */

/* Begin XCBuildConfiguration section */
		31B826CE02F3C6BDB2F70DFE /* Debug */ = {
			isa = XCBuildConfiguration;
			buildSettings = {
				ASSETCATALOG_COMPILER_APPICON_NAME = AppIcon;
				CODE_SIGN_IDENTITY = "iPhone Developer";
				CURRENT_PROJECT_VERSION = 1;
				INFOPLIST_FILE = Resources/Info.plist;
				LD_RUNPATH_SEARCH_PATHS = (
					"$(inherited)",
					"@executable_path/Frameworks",
				);
				MARKETING_VERSION = 1.0;
				PRODUCT_BUNDLE_IDENTIFIER = com.agaganorg.theswiftkit;
				SDKROOT = iphoneos;
				TARGETED_DEVICE_FAMILY = "1,2";
			};
			name = Debug;
		};
		5C82D0877C47A053E0B22D19 /* Debug */ = {
			isa = XCBuildConfiguration;
			buildSettings = {
				BUNDLE_LOADER = "$(TEST_HOST)";
				LD_RUNPATH_SEARCH_PATHS = (
					"$(inherited)",
					"@executable_path/Frameworks",
					"@loader_path/Frameworks",
				);
				SDKROOT = iphoneos;
				TARGETED_DEVICE_FAMILY = "1,2";
				TEST_HOST = "$(BUILT_PRODUCTS_DIR)/TheSwiftKit.app/TheSwiftKit";
			};
			name = Debug;
		};
		85A0808C59FA49329DCF4299 /* Debug */ = {
			isa = XCBuildConfiguration;
			buildSettings = {
				ALWAYS_SEARCH_USER_PATHS = NO;
				CLANG_ANALYZER_NONNULL = YES;
				CLANG_ANALYZER_NUMBER_OBJECT_CONVERSION = YES_AGGRESSIVE;
				CLANG_CXX_LANGUAGE_STANDARD = "gnu++14";
				CLANG_CXX_LIBRARY = "libc++";
				CLANG_ENABLE_MODULES = YES;
				CLANG_ENABLE_OBJC_ARC = YES;
				CLANG_ENABLE_OBJC_WEAK = YES;
				CLANG_WARN_BLOCK_CAPTURE_AUTORELEASING = YES;
				CLANG_WARN_BOOL_CONVERSION = YES;
				CLANG_WARN_COMMA = YES;
				CLANG_WARN_CONSTANT_CONVERSION = YES;
				CLANG_WARN_DEPRECATED_OBJC_IMPLEMENTATIONS = YES;
				CLANG_WARN_DIRECT_OBJC_ISA_USAGE = YES_ERROR;
				CLANG_WARN_DOCUMENTATION_COMMENTS = YES;
				CLANG_WARN_EMPTY_BODY = YES;
				CLANG_WARN_ENUM_CONVERSION = YES;
				CLANG_WARN_INFINITE_RECURSION = YES;
				CLANG_WARN_INT_CONVERSION = YES;
				CLANG_WARN_NON_LITERAL_NULL_CONVERSION = YES;
				CLANG_WARN_OBJC_IMPLICIT_RETAIN_SELF = YES;
				CLANG_WARN_OBJC_LITERAL_CONVERSION = YES;
				CLANG_WARN_OBJC_ROOT_CLASS = YES_ERROR;
				CLANG_WARN_QUOTED_INCLUDE_IN_FRAMEWORK_HEADER = YES;
				CLANG_WARN_RANGE_LOOP_ANALYSIS = YES;
				CLANG_WARN_STRICT_PROTOTYPES = YES;
				CLANG_WARN_SUSPICIOUS_MOVE = YES;
				CLANG_WARN_UNGUARDED_AVAILABILITY = YES_AGGRESSIVE;
				CLANG_WARN_UNREACHABLE_CODE = YES;
				CLANG_WARN__DUPLICATE_METHOD_MATCH = YES;
				COPY_PHASE_STRIP = NO;
				DEBUG_INFORMATION_FORMAT = dwarf;
				ENABLE_STRICT_OBJC_MSGSEND = YES;
				ENABLE_TESTABILITY = YES;
				GCC_C_LANGUAGE_STANDARD = gnu11;
				GCC_DYNAMIC_NO_PIC = NO;
				GCC_NO_COMMON_BLOCKS = YES;
				GCC_OPTIMIZATION_LEVEL = 0;
				GCC_PREPROCESSOR_DEFINITIONS = (
					"$(inherited)",
					"DEBUG=1",
				);
				GCC_WARN_64_TO_32_BIT_CONVERSION = YES;
				GCC_WARN_ABOUT_RETURN_TYPE = YES_ERROR;
				GCC_WARN_UNDECLARED_SELECTOR = YES;
				GCC_WARN_UNINITIALIZED_AUTOS = YES_AGGRESSIVE;
				GCC_WARN_UNUSED_FUNCTION = YES;
				GCC_WARN_UNUSED_VARIABLE = YES;
				IPHONEOS_DEPLOYMENT_TARGET = 16.0;
				MTL_ENABLE_DEBUG_INFO = INCLUDE_SOURCE;
				MTL_FAST_MATH = YES;
				ONLY_ACTIVE_ARCH = YES;
				PRODUCT_NAME = "$(TARGET_NAME)";
				SDKROOT = iphoneos;
				SWIFT_ACTIVE_COMPILATION_CONDITIONS = DEBUG;
				SWIFT_OPTIMIZATION_LEVEL = "-Onone";
				SWIFT_VERSION = 5.9;
			};
			name = Debug;
		};
		A7DF2E39FF4F2BC58EA5D6D9 /* Release */ = {
			isa = XCBuildConfiguration;
			buildSettings = {
				BUNDLE_LOADER = "$(TEST_HOST)";
				LD_RUNPATH_SEARCH_PATHS = (
					"$(inherited)",
					"@executable_path/Frameworks",
					"@loader_path/Frameworks",
				);
				SDKROOT = iphoneos;
				TARGETED_DEVICE_FAMILY = "1,2";
				TEST_HOST = "$(BUILT_PRODUCTS_DIR)/TheSwiftKit.app/TheSwiftKit";
			};
			name = Release;
		};
		DC1F93D36AB0BA9EEA725F0D /* Release */ = {
			isa = XCBuildConfiguration;
			buildSettings = {
				CURRENT_PROJECT_VERSION = 1;
				INFOPLIST_FILE = Widgets/Info.plist;
				IPHONEOS_DEPLOYMENT_TARGET = 16.1;
				LD_RUNPATH_SEARCH_PATHS = (
					"$(inherited)",
					"@executable_path/Frameworks",
					"@executable_path/../../Frameworks",
				);
				MARKETING_VERSION = 1.0;
				PRODUCT_BUNDLE_IDENTIFIER = com.agaganorg.theswiftkit.widgets;
				SDKROOT = iphoneos;
				TARGETED_DEVICE_FAMILY = "1,2";
			};
			name = Release;
		};
		F84A45DC978A4E38FFBAF24B /* Debug */ = {
			isa = XCBuildConfiguration;
			buildSettings = {
				CURRENT_PROJECT_VERSION = 1;
				INFOPLIST_FILE = Widgets/Info.plist;
				IPHONEOS_DEPLOYMENT_TARGET = 16.1;
				LD_RUNPATH_SEARCH_PATHS = (
					"$(inherited)",
					"@executable_path/Frameworks",
					"@executable_path/../../Frameworks",
				);
				MARKETING_VERSION = 1.0;
				PRODUCT_BUNDLE_IDENTIFIER = com.agaganorg.theswiftkit.widgets;
				SDKROOT = iphoneos;
				TARGETED_DEVICE_FAMILY = "1,2";
			};
			name = Debug;
		};
		F9CCAE4EADB53A2FE96D7FD4 /* Release */ = {
			isa = XCBuildConfiguration;
			buildSettings = {
				ASSETCATALOG_COMPILER_APPICON_NAME = AppIcon;
				CODE_SIGN_IDENTITY = "iPhone Developer";
				CURRENT_PROJECT_VERSION = 1;
				INFOPLIST_FILE = Resources/Info.plist;
				LD_RUNPATH_SEARCH_PATHS = (
					"$(inherited)",
					"@executable_path/Frameworks",
				);
				MARKETING_VERSION = 1.0;
				PRODUCT_BUNDLE_IDENTIFIER = com.agaganorg.theswiftkit;
				SDKROOT = iphoneos;
				TARGETED_DEVICE_FAMILY = "1,2";
			};
			name = Release;
		};
		FEF94E9E5603146732A98773 /* Release */ = {
			isa = XCBuildConfiguration;
			buildSettings = {
				ALWAYS_SEARCH_USER_PATHS = NO;
				CLANG_ANALYZER_NONNULL = YES;
				CLANG_ANALYZER_NUMBER_OBJECT_CONVERSION = YES_AGGRESSIVE;
				CLANG_CXX_LANGUAGE_STANDARD = "gnu++14";
				CLANG_CXX_LIBRARY = "libc++";
				CLANG_ENABLE_MODULES = YES;
				CLANG_ENABLE_OBJC_ARC = YES;
				CLANG_ENABLE_OBJC_WEAK = YES;
				CLANG_WARN_BLOCK_CAPTURE_AUTORELEASING = YES;
				CLANG_WARN_BOOL_CONVERSION = YES;
				CLANG_WARN_COMMA = YES;
				CLANG_WARN_CONSTANT_CONVERSION = YES;
				CLANG_WARN_DEPRECATED_OBJC_IMPLEMENTATIONS = YES;
				CLANG_WARN_DIRECT_OBJC_ISA_USAGE = YES_ERROR;
				CLANG_WARN_DOCUMENTATION_COMMENTS = YES;
				CLANG_WARN_EMPTY_BODY = YES;
				CLANG_WARN_ENUM_CONVERSION = YES;
				CLANG_WARN_INFINITE_RECURSION = YES;
				CLANG_WARN_INT_CONVERSION = YES;
				CLANG_WARN_NON_LITERAL_NULL_CONVERSION = YES;
				CLANG_WARN_OBJC_IMPLICIT_RETAIN_SELF = YES;
				CLANG_WARN_OBJC_LITERAL_CONVERSION = YES;
				CLANG_WARN_OBJC_ROOT_CLASS = YES_ERROR;
				CLANG_WARN_QUOTED_INCLUDE_IN_FRAMEWORK_HEADER = YES;
				CLANG_WARN_RANGE_LOOP_ANALYSIS = YES;
				CLANG_WARN_STRICT_PROTOTYPES = YES;
				CLANG_WARN_SUSPICIOUS_MOVE = YES;
				CLANG_WARN_UNGUARDED_AVAILABILITY = YES_AGGRESSIVE;
				CLANG_WARN_UNREACHABLE_CODE = YES;
				CLANG_WARN__DUPLICATE_METHOD_MATCH = YES;
				COPY_PHASE_STRIP = NO;
				DEBUG_INFORMATION_FORMAT = "dwarf-with-dsym";
				ENABLE_NS_ASSERTIONS = NO;
				ENABLE_STRICT_OBJC_MSGSEND = YES;
				GCC_C_LANGUAGE_STANDARD = gnu11;
				GCC_NO_COMMON_BLOCKS = YES;
				GCC_WARN_64_TO_32_BIT_CONVERSION = YES;
				GCC_WARN_ABOUT_RETURN_TYPE = YES_ERROR;
				GCC_WARN_UNDECLARED_SELECTOR = YES;
				GCC_WARN_UNINITIALIZED_AUTOS = YES_AGGRESSIVE;
				GCC_WARN_UNUSED_FUNCTION = YES;
				GCC_WARN_UNUSED_VARIABLE = YES;
				IPHONEOS_DEPLOYMENT_TARGET = 16.0;
				MTL_ENABLE_DEBUG_INFO = NO;
				MTL_FAST_MATH = YES;
				PRODUCT_NAME = "$(TARGET_NAME)";
				SDKROOT = iphoneos;
				SWIFT_COMPILATION_MODE = wholemodule;
				SWIFT_OPTIMIZATION_LEVEL = "-O";
				SWIFT_VERSION = 5.9;
			};
			name = Release;
		};
/* End XCBuildConfiguration section */

/* Begin XCConfigurationList section */
		BF24F0B56B0BF90F56852B00 /* Build configuration list for PBXNativeTarget "TheSwiftKitTests" */ = {
			isa = XCConfigurationList;
			buildConfigurations = (
				5C82D0877C47A053E0B22D19 /* Debug */,
				A7DF2E39FF4F2BC58EA5D6D9 /* Release */,
			);
			defaultConfigurationIsVisible = 0;
			defaultConfigurationName = Debug;
		};
		D9D0517718DB71F4A1978A5E /* Build configuration list for PBXProject "TheSwiftKit" */ = {
			isa = XCConfigurationList;
			buildConfigurations = (
				85A0808C59FA49329DCF4299 /* Debug */,
				FEF94E9E5603146732A98773 /* Release */,
			);
			defaultConfigurationIsVisible = 0;
			defaultConfigurationName = Debug;
		};
		E6DB10403047FC90C2282F13 /* Build configuration list for PBXNativeTarget "TheSwiftKitWidgets" */ = {
			isa = XCConfigurationList;
			buildConfigurations = (
				F84A45DC978A4E38FFBAF24B /* Debug */,
				DC1F93D36AB0BA9EEA725F0D /* Release */,
			);
			defaultConfigurationIsVisible = 0;
			defaultConfigurationName = Debug;
		};
		F663F724C27CF6778777E912 /* Build configuration list for PBXNativeTarget "TheSwiftKit" */ = {
			isa = XCConfigurationList;
			buildConfigurations = (
				31B826CE02F3C6BDB2F70DFE /* Debug */,
				F9CCAE4EADB53A2FE96D7FD4 /* Release */,
			);
			defaultConfigurationIsVisible = 0;
			defaultConfigurationName = Debug;
		};
/* End XCConfigurationList section */

/* Begin XCRemoteSwiftPackageReference section */
		3EDA9F9ACFC9DA8DB062C16B /* XCRemoteSwiftPackageReference "purchases-ios" */ = {
			isa = XCRemoteSwiftPackageReference;
			repositoryURL = "https://github.com/RevenueCat/purchases-ios";
			requirement = {
				kind = upToNextMajorVersion;
				minimumVersion = 5.0.0;
			};
		};
		ABFDE3A79AF96D15056AD52F /* XCRemoteSwiftPackageReference "SwiftSDK" */ = {
			isa = XCRemoteSwiftPackageReference;
			repositoryURL = "https://github.com/TelemetryDeck/SwiftSDK";
			requirement = {
				kind = upToNextMajorVersion;
				minimumVersion = 1.5.1;
			};
		};
		E8F7FA6829DDB9BC53B35AE3 /* XCRemoteSwiftPackageReference "supabase-swift" */ = {
			isa = XCRemoteSwiftPackageReference;
			repositoryURL = "https://github.com/supabase-community/supabase-swift";
			requirement = {
				kind = upToNextMajorVersion;
				minimumVersion = 2.0.0;
			};
		};
/* End XCRemoteSwiftPackageReference section */

/* Begin XCSwiftPackageProductDependency section */
		1B6F5BF27F0B1B360707E0FF /* RevenueCat */ = {
			isa = XCSwiftPackageProductDependency;
			package = 3EDA9F9ACFC9DA8DB062C16B /* XCRemoteSwiftPackageReference "purchases-ios" */;
			productName = RevenueCat;
		};
		8EDC71F98C8FF18E3C959AEF /* Supabase */ = {
			isa = XCSwiftPackageProductDependency;
			package = E8F7FA6829DDB9BC53B35AE3 /* XCRemoteSwiftPackageReference "supabase-swift" */;
			productName = Supabase;
		};
		D492D8878C69F39A68B48AD7 /* TelemetryClient */ = {
			isa = XCSwiftPackageProductDependency;
			package = ABFDE3A79AF96D15056AD52F /* XCRemoteSwiftPackageReference "SwiftSDK" */;
			productName = TelemetryClient;
		};
/* End XCSwiftPackageProductDependency section */
	};
	rootObject = D710B0E614A257F27F9F650F /* Project object */;
}
